
Microsoft Visual Studio Solution File, Format Version 12.00
# Visual Studio 14
VisualStudioVersion = 14.0.24720.0
MinimumVisualStudioVersion = 10.0.40219.1
Project("{FAE04EC0-301F-11D3-BF4B-00C04F79EFBC}") = "UnitTest", "Tests\UnitTest.csproj", "{C971A59A-2DD0-4396-AB70-7CBAC20D6CC9}"
EndProject
Project("{FAE04EC0-301F-11D3-BF4B-00C04F79EFBC}") = "KnowledgeBase", "Components\KnowledgeBase\KnowledgeBase.csproj", "{A632A90A-0EE6-430F-ACF2-25BB7CED21E7}"
EndProject
Project("{FAE04EC0-301F-11D3-BF4B-00C04F79EFBC}") = "Utilities", "Components\Utilities\Utilities.csproj", "{2021E828-2F7F-4775-9F02-58C68FD72EDD}"
EndProject
Project("{2150E333-8FDC-42A3-9474-1A3956D46DE8}") = "Components", "Components", "{6FDA1219-9D9E-489F-A258-B797FED50614}"
EndProject
Project("{2150E333-8FDC-42A3-9474-1A3956D46DE8}") = "Tests", "Tests", "{9285D50F-C051-467D-AB2D-165963753EA5}"
EndProject
Project("{FAE04EC0-301F-11D3-BF4B-00C04F79EFBC}") = "EmotionalAppraisal", "EmotionalAppraisal\EmotionalAppraisal.csproj", "{0A2A1EE9-BD5D-44AA-A22D-291612488F06}"
EndProject
Project("{FAE04EC0-301F-11D3-BF4B-00C04F79EFBC}") = "GAIPS.Serialization", "Components\SerializationUtilities\GAIPS.Serialization.csproj", "{7DD831A6-ADCA-455B-B02F-53C3A639E79B}"
EndProject
Project("{FAE04EC0-301F-11D3-BF4B-00C04F79EFBC}") = "Tests.KnowledgeBase", "Tests.KnowledgeBase\Tests.KnowledgeBase.csproj", "{067456C0-086C-46A8-B37F-1405717B7BFC}"
EndProject
Project("{FAE04EC0-301F-11D3-BF4B-00C04F79EFBC}") = "Tests.EmotionalAppraisal", "Tests.EmotionalAppraisal\Tests.EmotionalAppraisal.csproj", "{12674BD2-DAD3-4DB9-9C81-3FAE233C6838}"
EndProject
Project("{2150E333-8FDC-42A3-9474-1A3956D46DE8}") = "Solution Items", "Solution Items", "{397A6C33-259F-43B8-B68F-56D56853D090}"
	ProjectSection(SolutionItems) = preProject
		TODO_and_QA.txt = TODO_and_QA.txt
	EndProjectSection
EndProject
Project("{FAE04EC0-301F-11D3-BF4B-00C04F79EFBC}") = "AutobiographicMemory", "Components\AutobiographicMemory\AutobiographicMemory.csproj", "{C1CC38C5-72F5-4545-B4F7-C65B2883909C}"
EndProject
Project("{FAE04EC0-301F-11D3-BF4B-00C04F79EFBC}") = "EmotionalDecisionMaking", "EmotionalDecisionMaking\EmotionalDecisionMaking.csproj", "{A1E56F5C-EAAC-43E5-A922-5B244168EA5C}"
EndProject
Project("{2150E333-8FDC-42A3-9474-1A3956D46DE8}") = "GUI", "GUI", "{391C60E4-92CE-4EC7-BA86-48D8316365FA}"
EndProject
Project("{FAE04EC0-301F-11D3-BF4B-00C04F79EFBC}") = "EmotionalAppraisalWF", "EmotionalAppraisalWF\EmotionalAppraisalWF.csproj", "{36EF269C-7AB2-4029-BBF4-18F908AF46F6}"
EndProject
Project("{FAE04EC0-301F-11D3-BF4B-00C04F79EFBC}") = "RolePlayCharacterWF", "RolePlayCharacterWF\RolePlayCharacterWF.csproj", "{63EC96BC-D3E1-491B-8C55-61A0F5FBA210}"
EndProject
Project("{FAE04EC0-301F-11D3-BF4B-00C04F79EFBC}") = "AuthorialAgentsWF", "AuthorialAgentsWF\AuthorialAgentsWF.csproj", "{15FDC9B4-C348-4561-9E7E-2C278C058BC8}"
EndProject
Project("{FAE04EC0-301F-11D3-BF4B-00C04F79EFBC}") = "RolePlayCharacter", "RolePlayCharacter\RolePlayCharacter.csproj", "{986EA00A-7AA4-4D9E-B986-E6F290E7AA3F}"
EndProject
Global
	GlobalSection(SolutionConfigurationPlatforms) = preSolution
		Debug|Any CPU = Debug|Any CPU
		Release|Any CPU = Release|Any CPU
	EndGlobalSection
	GlobalSection(ProjectConfigurationPlatforms) = postSolution
		{C971A59A-2DD0-4396-AB70-7CBAC20D6CC9}.Debug|Any CPU.ActiveCfg = Debug|Any CPU
		{C971A59A-2DD0-4396-AB70-7CBAC20D6CC9}.Debug|Any CPU.Build.0 = Debug|Any CPU
		{C971A59A-2DD0-4396-AB70-7CBAC20D6CC9}.Release|Any CPU.ActiveCfg = Release|Any CPU
		{C971A59A-2DD0-4396-AB70-7CBAC20D6CC9}.Release|Any CPU.Build.0 = Release|Any CPU
		{A632A90A-0EE6-430F-ACF2-25BB7CED21E7}.Debug|Any CPU.ActiveCfg = Debug|Any CPU
		{A632A90A-0EE6-430F-ACF2-25BB7CED21E7}.Debug|Any CPU.Build.0 = Debug|Any CPU
		{A632A90A-0EE6-430F-ACF2-25BB7CED21E7}.Release|Any CPU.ActiveCfg = Release|Any CPU
		{A632A90A-0EE6-430F-ACF2-25BB7CED21E7}.Release|Any CPU.Build.0 = Release|Any CPU
		{2021E828-2F7F-4775-9F02-58C68FD72EDD}.Debug|Any CPU.ActiveCfg = Debug|Any CPU
		{2021E828-2F7F-4775-9F02-58C68FD72EDD}.Debug|Any CPU.Build.0 = Debug|Any CPU
		{2021E828-2F7F-4775-9F02-58C68FD72EDD}.Release|Any CPU.ActiveCfg = Release|Any CPU
		{2021E828-2F7F-4775-9F02-58C68FD72EDD}.Release|Any CPU.Build.0 = Release|Any CPU
		{0A2A1EE9-BD5D-44AA-A22D-291612488F06}.Debug|Any CPU.ActiveCfg = Debug|Any CPU
		{0A2A1EE9-BD5D-44AA-A22D-291612488F06}.Debug|Any CPU.Build.0 = Debug|Any CPU
		{0A2A1EE9-BD5D-44AA-A22D-291612488F06}.Release|Any CPU.ActiveCfg = Release|Any CPU
		{0A2A1EE9-BD5D-44AA-A22D-291612488F06}.Release|Any CPU.Build.0 = Release|Any CPU
		{7DD831A6-ADCA-455B-B02F-53C3A639E79B}.Debug|Any CPU.ActiveCfg = Debug|Any CPU
		{7DD831A6-ADCA-455B-B02F-53C3A639E79B}.Debug|Any CPU.Build.0 = Debug|Any CPU
		{7DD831A6-ADCA-455B-B02F-53C3A639E79B}.Release|Any CPU.ActiveCfg = Release|Any CPU
		{7DD831A6-ADCA-455B-B02F-53C3A639E79B}.Release|Any CPU.Build.0 = Release|Any CPU
		{067456C0-086C-46A8-B37F-1405717B7BFC}.Debug|Any CPU.ActiveCfg = Debug|Any CPU
		{067456C0-086C-46A8-B37F-1405717B7BFC}.Debug|Any CPU.Build.0 = Debug|Any CPU
		{067456C0-086C-46A8-B37F-1405717B7BFC}.Release|Any CPU.ActiveCfg = Release|Any CPU
		{067456C0-086C-46A8-B37F-1405717B7BFC}.Release|Any CPU.Build.0 = Release|Any CPU
		{12674BD2-DAD3-4DB9-9C81-3FAE233C6838}.Debug|Any CPU.ActiveCfg = Debug|Any CPU
		{12674BD2-DAD3-4DB9-9C81-3FAE233C6838}.Debug|Any CPU.Build.0 = Debug|Any CPU
		{12674BD2-DAD3-4DB9-9C81-3FAE233C6838}.Release|Any CPU.ActiveCfg = Release|Any CPU
		{12674BD2-DAD3-4DB9-9C81-3FAE233C6838}.Release|Any CPU.Build.0 = Release|Any CPU
		{C1CC38C5-72F5-4545-B4F7-C65B2883909C}.Debug|Any CPU.ActiveCfg = Debug|Any CPU
		{C1CC38C5-72F5-4545-B4F7-C65B2883909C}.Debug|Any CPU.Build.0 = Debug|Any CPU
		{C1CC38C5-72F5-4545-B4F7-C65B2883909C}.Release|Any CPU.ActiveCfg = Release|Any CPU
		{C1CC38C5-72F5-4545-B4F7-C65B2883909C}.Release|Any CPU.Build.0 = Release|Any CPU
		{A1E56F5C-EAAC-43E5-A922-5B244168EA5C}.Debug|Any CPU.ActiveCfg = Debug|Any CPU
		{A1E56F5C-EAAC-43E5-A922-5B244168EA5C}.Debug|Any CPU.Build.0 = Debug|Any CPU
		{A1E56F5C-EAAC-43E5-A922-5B244168EA5C}.Release|Any CPU.ActiveCfg = Release|Any CPU
		{A1E56F5C-EAAC-43E5-A922-5B244168EA5C}.Release|Any CPU.Build.0 = Release|Any CPU
		{36EF269C-7AB2-4029-BBF4-18F908AF46F6}.Debug|Any CPU.ActiveCfg = Debug|Any CPU
		{36EF269C-7AB2-4029-BBF4-18F908AF46F6}.Debug|Any CPU.Build.0 = Debug|Any CPU
		{36EF269C-7AB2-4029-BBF4-18F908AF46F6}.Release|Any CPU.ActiveCfg = Release|Any CPU
		{36EF269C-7AB2-4029-BBF4-18F908AF46F6}.Release|Any CPU.Build.0 = Release|Any CPU
		{63EC96BC-D3E1-491B-8C55-61A0F5FBA210}.Debug|Any CPU.ActiveCfg = Debug|Any CPU
		{63EC96BC-D3E1-491B-8C55-61A0F5FBA210}.Debug|Any CPU.Build.0 = Debug|Any CPU
		{63EC96BC-D3E1-491B-8C55-61A0F5FBA210}.Release|Any CPU.ActiveCfg = Release|Any CPU
		{63EC96BC-D3E1-491B-8C55-61A0F5FBA210}.Release|Any CPU.Build.0 = Release|Any CPU
		{15FDC9B4-C348-4561-9E7E-2C278C058BC8}.Debug|Any CPU.ActiveCfg = Debug|Any CPU
		{15FDC9B4-C348-4561-9E7E-2C278C058BC8}.Debug|Any CPU.Build.0 = Debug|Any CPU
		{15FDC9B4-C348-4561-9E7E-2C278C058BC8}.Release|Any CPU.ActiveCfg = Release|Any CPU
		{15FDC9B4-C348-4561-9E7E-2C278C058BC8}.Release|Any CPU.Build.0 = Release|Any CPU
		{986EA00A-7AA4-4D9E-B986-E6F290E7AA3F}.Debug|Any CPU.ActiveCfg = Debug|Any CPU
		{986EA00A-7AA4-4D9E-B986-E6F290E7AA3F}.Debug|Any CPU.Build.0 = Debug|Any CPU
		{986EA00A-7AA4-4D9E-B986-E6F290E7AA3F}.Release|Any CPU.ActiveCfg = Release|Any CPU
		{986EA00A-7AA4-4D9E-B986-E6F290E7AA3F}.Release|Any CPU.Build.0 = Release|Any CPU
	EndGlobalSection
	GlobalSection(SolutionProperties) = preSolution
		HideSolutionNode = FALSE
	EndGlobalSection
	GlobalSection(NestedProjects) = preSolution
		{C971A59A-2DD0-4396-AB70-7CBAC20D6CC9} = {9285D50F-C051-467D-AB2D-165963753EA5}
		{A632A90A-0EE6-430F-ACF2-25BB7CED21E7} = {6FDA1219-9D9E-489F-A258-B797FED50614}
		{2021E828-2F7F-4775-9F02-58C68FD72EDD} = {6FDA1219-9D9E-489F-A258-B797FED50614}
		{7DD831A6-ADCA-455B-B02F-53C3A639E79B} = {6FDA1219-9D9E-489F-A258-B797FED50614}
		{067456C0-086C-46A8-B37F-1405717B7BFC} = {9285D50F-C051-467D-AB2D-165963753EA5}
		{12674BD2-DAD3-4DB9-9C81-3FAE233C6838} = {9285D50F-C051-467D-AB2D-165963753EA5}
		{C1CC38C5-72F5-4545-B4F7-C65B2883909C} = {6FDA1219-9D9E-489F-A258-B797FED50614}
		{36EF269C-7AB2-4029-BBF4-18F908AF46F6} = {391C60E4-92CE-4EC7-BA86-48D8316365FA}
		{63EC96BC-D3E1-491B-8C55-61A0F5FBA210} = {391C60E4-92CE-4EC7-BA86-48D8316365FA}
		{15FDC9B4-C348-4561-9E7E-2C278C058BC8} = {391C60E4-92CE-4EC7-BA86-48D8316365FA}
	EndGlobalSection
EndGlobal
