
Microsoft Visual Studio Solution File, Format Version 12.00
# Visual Studio Version 16
VisualStudioVersion = 16.0.29324.140
MinimumVisualStudioVersion = 10.0.40219.1
Project("{9A19103F-16F7-4668-BE54-9A1E7A4F7556}") = "KnowledgeBase", "Components\KnowledgeBase\KnowledgeBase.csproj", "{A632A90A-0EE6-430F-ACF2-25BB7CED21E7}"
EndProject
Project("{2150E333-8FDC-42A3-9474-1A3956D46DE8}") = "Components", "Components", "{6FDA1219-9D9E-489F-A258-B797FED50614}"
EndProject
Project("{2150E333-8FDC-42A3-9474-1A3956D46DE8}") = "Tests", "Tests", "{9285D50F-C051-467D-AB2D-165963753EA5}"
EndProject
Project("{9A19103F-16F7-4668-BE54-9A1E7A4F7556}") = "EmotionalAppraisal", "Assets\EmotionalAppraisal\EmotionalAppraisal.csproj", "{0A2A1EE9-BD5D-44AA-A22D-291612488F06}"
EndProject
Project("{9A19103F-16F7-4668-BE54-9A1E7A4F7556}") = "AutobiographicMemory", "Components\AutobiographicMemory\AutobiographicMemory.csproj", "{C1CC38C5-72F5-4545-B4F7-C65B2883909C}"
EndProject
Project("{9A19103F-16F7-4668-BE54-9A1E7A4F7556}") = "EmotionalDecisionMaking", "Assets\EmotionalDecisionMaking\EmotionalDecisionMaking.csproj", "{A1E56F5C-EAAC-43E5-A922-5B244168EA5C}"
EndProject
Project("{9A19103F-16F7-4668-BE54-9A1E7A4F7556}") = "Tests.EmotionalAppraisal", "Tests\Tests.EmotionalAppraisal\Tests.EmotionalAppraisal.csproj", "{12674BD2-DAD3-4DB9-9C81-3FAE233C6838}"
EndProject
Project("{9A19103F-16F7-4668-BE54-9A1E7A4F7556}") = "Tests.EmotionalDecisionMaking", "Tests\Tests.EmotionalDecisionMaking\Tests.EmotionalDecisionMaking.csproj", "{A892B002-2B5C-4029-B233-E35F3426D4B7}"
EndProject
Project("{9A19103F-16F7-4668-BE54-9A1E7A4F7556}") = "RolePlayCharacter", "Assets\RolePlayCharacter\RolePlayCharacter.csproj", "{986EA00A-7AA4-4D9E-B986-E6F290E7AA3F}"
EndProject
Project("{9A19103F-16F7-4668-BE54-9A1E7A4F7556}") = "Tests.KnowledgeBase", "Tests\Tests.KnowledgeBase\Tests.KnowledgeBase.csproj", "{067456C0-086C-46A8-B37F-1405717B7BFC}"
EndProject
Project("{9A19103F-16F7-4668-BE54-9A1E7A4F7556}") = "SocialImportance", "Assets\SocialImportance\SocialImportance.csproj", "{823E8A41-5231-4B06-BBAB-E62651E15BC7}"
EndProject
Project("{9A19103F-16F7-4668-BE54-9A1E7A4F7556}") = "Tests.SocialImportance", "Tests\Tests.SocialImportance\Tests.SocialImportance.csproj", "{B0540CAE-4A84-495D-9207-A347FDC735E9}"
EndProject
Project("{9A19103F-16F7-4668-BE54-9A1E7A4F7556}") = "IntegratedAuthoringTool", "Assets\IntegratedAuthoringTool\IntegratedAuthoringTool.csproj", "{F6AD95A5-889C-41A4-B613-B81F09A424EE}"
EndProject
Project("{9A19103F-16F7-4668-BE54-9A1E7A4F7556}") = "ActionLibrary", "Components\ActionLibrary\ActionLibrary.csproj", "{E011D502-5C0F-4A3F-9F1A-337FF025EB48}"
EndProject
Project("{9A19103F-16F7-4668-BE54-9A1E7A4F7556}") = "GAIPS.Rage", "Components\GAIPS.Rage\GAIPS.Rage.csproj", "{9FECA6E5-C949-44F1-BE40-D3303AB2EF05}"
EndProject
Project("{2150E333-8FDC-42A3-9474-1A3956D46DE8}") = "Tutorials", "Tutorials", "{2C13F768-C122-4B7F-A08A-9E8AB520F6D2}"
EndProject
Project("{9A19103F-16F7-4668-BE54-9A1E7A4F7556}") = "EmotionalAppraisalTutorial", "Tutorials\EmotionalAppraisalTutorial\EmotionalAppraisalTutorial.csproj", "{43E80CC4-1797-42B0-9A4C-E1D0AA297737}"
EndProject
Project("{9A19103F-16F7-4668-BE54-9A1E7A4F7556}") = "EmotionalDecisionMakingTutorial", "Tutorials\EmotionalDecisionMakingTutorial\EmotionalDecisionMakingTutorial.csproj", "{CC6CD5AD-EFC5-4CD6-BF6D-FB33D5F186AF}"
EndProject
Project("{2150E333-8FDC-42A3-9474-1A3956D46DE8}") = "Examples", "Examples", "{256F51DD-798C-49D4-A299-C71630787409}"
	ProjectSection(SolutionItems) = preProject
		Tutorials\Examples\EATest.ea = Tutorials\Examples\EATest.ea
		Tutorials\Examples\EDMTest.edm = Tutorials\Examples\EDMTest.edm
		Tutorials\Examples\ghu.cif = Tutorials\Examples\ghu.cif
		Tutorials\Examples\IATTest.iat = Tutorials\Examples\IATTest.iat
		Tutorials\Examples\john.rpc = Tutorials\Examples\john.rpc
		Tutorials\Examples\MCTS-EDM.edm = Tutorials\Examples\MCTS-EDM.edm
		Tutorials\Examples\pls.cif = Tutorials\Examples\pls.cif
		Tutorials\Examples\RPC-MCTS.rpc = Tutorials\Examples\RPC-MCTS.rpc
		Tutorials\Examples\RPCTest-Output.rpc = Tutorials\Examples\RPCTest-Output.rpc
		Tutorials\Examples\RPCTest.rpc = Tutorials\Examples\RPCTest.rpc
		Tutorials\Examples\sarah.ea = Tutorials\Examples\sarah.ea
		Tutorials\Examples\SITest.si = Tutorials\Examples\SITest.si
		Tutorials\Examples\test.cif = Tutorials\Examples\test.cif
	EndProjectSection
EndProject
Project("{9A19103F-16F7-4668-BE54-9A1E7A4F7556}") = "WellFormedNames", "Components\WellFormedNames\WellFormedNames.csproj", "{BC47528F-FBF6-465E-BB0E-F68F50F31C13}"
EndProject
Project("{9A19103F-16F7-4668-BE54-9A1E7A4F7556}") = "Tests.WellFormedNames", "Tests\Tests.WellFormedNames\Tests.WellFormedNames.csproj", "{2BF80E43-6EB9-4DAF-A3B4-54838276C745}"
EndProject
Project("{9A19103F-16F7-4668-BE54-9A1E7A4F7556}") = "SocialImportanceTutorial", "Tutorials\SocialImportanceTutorial\SocialImportanceTutorial.csproj", "{3A2ACE1C-1399-4137-8DE8-B8A0E654101D}"
EndProject
Project("{9A19103F-16F7-4668-BE54-9A1E7A4F7556}") = "Conditions", "Components\Conditions\Conditions.csproj", "{59041269-E52E-4CDD-84E0-92FDCFBF270D}"
EndProject
Project("{9A19103F-16F7-4668-BE54-9A1E7A4F7556}") = "Tests.Conditions", "Tests\Tests.Conditions\Tests.Conditions.csproj", "{19B1FA8E-D302-4AF8-A53D-2A9AA469BCC7}"
EndProject
Project("{9A19103F-16F7-4668-BE54-9A1E7A4F7556}") = "RolePlayCharacterTutorial", "Tutorials\RolePlayCharacterTutorial\RolePlayCharacterTutorial.csproj", "{22255EBF-8180-4801-877D-5A65AB0B993C}"
EndProject
Project("{2150E333-8FDC-42A3-9474-1A3956D46DE8}") = "Assets", "Assets", "{C929932E-8ED8-4B6E-960E-4C4695E39CC1}"
EndProject
Project("{9A19103F-16F7-4668-BE54-9A1E7A4F7556}") = "CommeillFaut", "Assets\CommeillFaut\CommeillFaut.csproj", "{BA21951C-1799-4D0F-AA99-62DF857F3B71}"
EndProject
Project("{9A19103F-16F7-4668-BE54-9A1E7A4F7556}") = "CommeillFautTutorial", "Tutorials\CommeillFautTutorial\CommeillFautTutorial.csproj", "{BB9973F4-6832-424C-A596-941AFCD7FC80}"
EndProject
Project("{9A19103F-16F7-4668-BE54-9A1E7A4F7556}") = "IntegratedAuthoringToolTutorial", "Tutorials\IntegratedAuthoringToolTutorial\IntegratedAuthoringToolTutorial.csproj", "{4207A3D8-E526-4E5F-8E1D-F748A01EF34D}"
EndProject
Project("{2150E333-8FDC-42A3-9474-1A3956D46DE8}") = "Data", "Data", "{3FF8BC01-314A-4450-BB84-DC12CE0C54EE}"
	ProjectSection(SolutionItems) = preProject
		Tutorials\Examples\Data\anger.wav = Tutorials\Examples\Data\anger.wav
		Tutorials\Examples\RPC-Tutorial\EDMTest.edm = Tutorials\Examples\RPC-Tutorial\EDMTest.edm
		Tutorials\Examples\Data\FURIA Fuzzy Logic Rules.txt = Tutorials\Examples\Data\FURIA Fuzzy Logic Rules.txt
		Tutorials\Examples\RPC-Tutorial\Jonas.ea = Tutorials\Examples\RPC-Tutorial\Jonas.ea
		Tutorials\Examples\Data\Kiavash1.jpg = Tutorials\Examples\Data\Kiavash1.jpg
		Tutorials\Examples\RPC-Tutorial\RPCTest-Output.rpc = Tutorials\Examples\RPC-Tutorial\RPCTest-Output.rpc
		Tutorials\Examples\RPC-Tutorial\RPCTest.rpc = Tutorials\Examples\RPC-Tutorial\RPCTest.rpc
		Tutorials\Examples\RPC-Tutorial\RPCTest2.rpc = Tutorials\Examples\RPC-Tutorial\RPCTest2.rpc
		Tutorials\Examples\Data\shape_predictor_68_face_landmarks.dat = Tutorials\Examples\Data\shape_predictor_68_face_landmarks.dat
	EndProjectSection
EndProject
Project("{9A19103F-16F7-4668-BE54-9A1E7A4F7556}") = "Tests.AutobiographicMemory", "Tests\Tests.AutobiographicMemory\Tests.AutobiographicMemory.csproj", "{0DDABD9E-CFC8-4B58-9870-BCBA9E6FCD4C}"
EndProject
Project("{9A19103F-16F7-4668-BE54-9A1E7A4F7556}") = "Tests.CommeillFaut", "Tests\Tests.CommeillFaut\Tests.CommeillFaut.csproj", "{8BD40EA0-D3F2-437A-BC2A-51DCC8CC8910}"
EndProject
Project("{9A19103F-16F7-4668-BE54-9A1E7A4F7556}") = "Tests.RolePlayerCharacter", "Tests\Tests.RolePlayerCharacter\Tests.RolePlayerCharacter.csproj", "{4C7DA1E7-D853-482F-8E07-CD4562FE14B6}"
EndProject
Project("{9A19103F-16F7-4668-BE54-9A1E7A4F7556}") = "Tests.WorldModel", "Tests\Tests.WoldModel\Tests.WorldModel.csproj", "{F64E1547-1F52-4606-84DF-AC905FE91052}"
EndProject
Project("{9A19103F-16F7-4668-BE54-9A1E7A4F7556}") = "Tests.IntegratedAuthoringTool", "Tests\Tests.IntegratedAuthoringTool\Tests.IntegratedAuthoringTool.csproj", "{ABF47A79-0E36-4417-B781-4BFCB2D9BF2D}"
EndProject
Project("{9A19103F-16F7-4668-BE54-9A1E7A4F7556}") = "WorldModelTutorial", "Tutorials\WorldModelTutorial\WorldModelTutorial.csproj", "{71C37EAC-993D-425F-BB0B-84459A091CE5}"
EndProject
Project("{9A19103F-16F7-4668-BE54-9A1E7A4F7556}") = "WorldModel", "Assets\WorldModel\WorldModel.csproj", "{C751A38C-44D9-4918-B1F1-55A80147471D}"
EndProject
Project("{2150E333-8FDC-42A3-9474-1A3956D46DE8}") = "Applications", "Applications", "{47BA8952-DD65-4BC6-BC93-5C73A9C37F13}"
EndProject
Project("{9A19103F-16F7-4668-BE54-9A1E7A4F7556}") = "FAtiMAHTTPServer", "Applications\FAtiMAHTTPServer\FAtiMAHTTPServer.csproj", "{9E5F2F9F-1800-46F0-8AB8-D628955D03AD}"
EndProject
Project("{2150E333-8FDC-42A3-9474-1A3956D46DE8}") = "Wrappers", "Wrappers", "{42EE9433-C7A4-4216-918E-3097DE8157A7}"
EndProject
Project("{9A19103F-16F7-4668-BE54-9A1E7A4F7556}") = "WebServer", "Wrappers\WebServer\WebServer.csproj", "{8D2E220B-2764-4798-AC75-E75F4847CCC6}"
EndProject
Project("{2150E333-8FDC-42A3-9474-1A3956D46DE8}") = "Utilities", "Utilities", "{7CFC42CF-F4A6-43E4-8BA0-AA10FF77C76B}"
EndProject
Project("{9A19103F-16F7-4668-BE54-9A1E7A4F7556}") = "Utilities", "Utilities\Utilities\Utilities.csproj", "{64474679-ED12-4F6A-AEAB-53D7DEC319B4}"
EndProject
Project("{9A19103F-16F7-4668-BE54-9A1E7A4F7556}") = "SerializationUtilities", "Utilities\SerializationUtilities\SerializationUtilities.csproj", "{5668AA40-1C40-4888-B4AC-052E608383F4}"
EndProject
Project("{9A19103F-16F7-4668-BE54-9A1E7A4F7556}") = "Test.SerializationUtilities", "Utilities\Tests\Test.SerializationUtilities\Test.SerializationUtilities.csproj", "{58C05E0C-707A-4D8C-B886-549581CB6EBC}"
EndProject
Project("{9A19103F-16F7-4668-BE54-9A1E7A4F7556}") = "Tests.Utilities", "Utilities\Tests\Tests.Utilities\Tests.Utilities.csproj", "{C971A59A-2DD0-4396-AB70-7CBAC20D6CC9}"
EndProject
Global
	GlobalSection(SolutionConfigurationPlatforms) = preSolution
		Debug|Any CPU = Debug|Any CPU
		Debug|ARM = Debug|ARM
		Debug|x64 = Debug|x64
		Debug|x86 = Debug|x86
		Release|Any CPU = Release|Any CPU
		Release|ARM = Release|ARM
		Release|x64 = Release|x64
		Release|x86 = Release|x86
	EndGlobalSection
	GlobalSection(ProjectConfigurationPlatforms) = postSolution
		{A632A90A-0EE6-430F-ACF2-25BB7CED21E7}.Debug|Any CPU.ActiveCfg = Debug|Any CPU
		{A632A90A-0EE6-430F-ACF2-25BB7CED21E7}.Debug|Any CPU.Build.0 = Debug|Any CPU
		{A632A90A-0EE6-430F-ACF2-25BB7CED21E7}.Debug|ARM.ActiveCfg = Debug|Any CPU
		{A632A90A-0EE6-430F-ACF2-25BB7CED21E7}.Debug|ARM.Build.0 = Debug|Any CPU
		{A632A90A-0EE6-430F-ACF2-25BB7CED21E7}.Debug|x64.ActiveCfg = Debug|Any CPU
		{A632A90A-0EE6-430F-ACF2-25BB7CED21E7}.Debug|x64.Build.0 = Debug|Any CPU
		{A632A90A-0EE6-430F-ACF2-25BB7CED21E7}.Debug|x86.ActiveCfg = Debug|Any CPU
		{A632A90A-0EE6-430F-ACF2-25BB7CED21E7}.Debug|x86.Build.0 = Debug|Any CPU
		{A632A90A-0EE6-430F-ACF2-25BB7CED21E7}.Release|Any CPU.ActiveCfg = Release|Any CPU
		{A632A90A-0EE6-430F-ACF2-25BB7CED21E7}.Release|Any CPU.Build.0 = Release|Any CPU
		{A632A90A-0EE6-430F-ACF2-25BB7CED21E7}.Release|ARM.ActiveCfg = Release|Any CPU
		{A632A90A-0EE6-430F-ACF2-25BB7CED21E7}.Release|ARM.Build.0 = Release|Any CPU
		{A632A90A-0EE6-430F-ACF2-25BB7CED21E7}.Release|x64.ActiveCfg = Release|Any CPU
		{A632A90A-0EE6-430F-ACF2-25BB7CED21E7}.Release|x64.Build.0 = Release|Any CPU
		{A632A90A-0EE6-430F-ACF2-25BB7CED21E7}.Release|x86.ActiveCfg = Release|Any CPU
		{A632A90A-0EE6-430F-ACF2-25BB7CED21E7}.Release|x86.Build.0 = Release|Any CPU
		{0A2A1EE9-BD5D-44AA-A22D-291612488F06}.Debug|Any CPU.ActiveCfg = Debug|Any CPU
		{0A2A1EE9-BD5D-44AA-A22D-291612488F06}.Debug|Any CPU.Build.0 = Debug|Any CPU
		{0A2A1EE9-BD5D-44AA-A22D-291612488F06}.Debug|ARM.ActiveCfg = Debug|Any CPU
		{0A2A1EE9-BD5D-44AA-A22D-291612488F06}.Debug|ARM.Build.0 = Debug|Any CPU
		{0A2A1EE9-BD5D-44AA-A22D-291612488F06}.Debug|x64.ActiveCfg = Debug|Any CPU
		{0A2A1EE9-BD5D-44AA-A22D-291612488F06}.Debug|x64.Build.0 = Debug|Any CPU
		{0A2A1EE9-BD5D-44AA-A22D-291612488F06}.Debug|x86.ActiveCfg = Debug|Any CPU
		{0A2A1EE9-BD5D-44AA-A22D-291612488F06}.Debug|x86.Build.0 = Debug|Any CPU
		{0A2A1EE9-BD5D-44AA-A22D-291612488F06}.Release|Any CPU.ActiveCfg = Release|Any CPU
		{0A2A1EE9-BD5D-44AA-A22D-291612488F06}.Release|Any CPU.Build.0 = Release|Any CPU
		{0A2A1EE9-BD5D-44AA-A22D-291612488F06}.Release|ARM.ActiveCfg = Release|Any CPU
		{0A2A1EE9-BD5D-44AA-A22D-291612488F06}.Release|ARM.Build.0 = Release|Any CPU
		{0A2A1EE9-BD5D-44AA-A22D-291612488F06}.Release|x64.ActiveCfg = Release|Any CPU
		{0A2A1EE9-BD5D-44AA-A22D-291612488F06}.Release|x64.Build.0 = Release|Any CPU
		{0A2A1EE9-BD5D-44AA-A22D-291612488F06}.Release|x86.ActiveCfg = Release|Any CPU
		{0A2A1EE9-BD5D-44AA-A22D-291612488F06}.Release|x86.Build.0 = Release|Any CPU
		{C1CC38C5-72F5-4545-B4F7-C65B2883909C}.Debug|Any CPU.ActiveCfg = Debug|Any CPU
		{C1CC38C5-72F5-4545-B4F7-C65B2883909C}.Debug|Any CPU.Build.0 = Debug|Any CPU
		{C1CC38C5-72F5-4545-B4F7-C65B2883909C}.Debug|ARM.ActiveCfg = Debug|Any CPU
		{C1CC38C5-72F5-4545-B4F7-C65B2883909C}.Debug|ARM.Build.0 = Debug|Any CPU
		{C1CC38C5-72F5-4545-B4F7-C65B2883909C}.Debug|x64.ActiveCfg = Debug|Any CPU
		{C1CC38C5-72F5-4545-B4F7-C65B2883909C}.Debug|x64.Build.0 = Debug|Any CPU
		{C1CC38C5-72F5-4545-B4F7-C65B2883909C}.Debug|x86.ActiveCfg = Debug|Any CPU
		{C1CC38C5-72F5-4545-B4F7-C65B2883909C}.Debug|x86.Build.0 = Debug|Any CPU
		{C1CC38C5-72F5-4545-B4F7-C65B2883909C}.Release|Any CPU.ActiveCfg = Release|Any CPU
		{C1CC38C5-72F5-4545-B4F7-C65B2883909C}.Release|Any CPU.Build.0 = Release|Any CPU
		{C1CC38C5-72F5-4545-B4F7-C65B2883909C}.Release|ARM.ActiveCfg = Release|Any CPU
		{C1CC38C5-72F5-4545-B4F7-C65B2883909C}.Release|ARM.Build.0 = Release|Any CPU
		{C1CC38C5-72F5-4545-B4F7-C65B2883909C}.Release|x64.ActiveCfg = Release|Any CPU
		{C1CC38C5-72F5-4545-B4F7-C65B2883909C}.Release|x64.Build.0 = Release|Any CPU
		{C1CC38C5-72F5-4545-B4F7-C65B2883909C}.Release|x86.ActiveCfg = Release|Any CPU
		{C1CC38C5-72F5-4545-B4F7-C65B2883909C}.Release|x86.Build.0 = Release|Any CPU
		{A1E56F5C-EAAC-43E5-A922-5B244168EA5C}.Debug|Any CPU.ActiveCfg = Debug|Any CPU
		{A1E56F5C-EAAC-43E5-A922-5B244168EA5C}.Debug|Any CPU.Build.0 = Debug|Any CPU
		{A1E56F5C-EAAC-43E5-A922-5B244168EA5C}.Debug|ARM.ActiveCfg = Debug|Any CPU
		{A1E56F5C-EAAC-43E5-A922-5B244168EA5C}.Debug|ARM.Build.0 = Debug|Any CPU
		{A1E56F5C-EAAC-43E5-A922-5B244168EA5C}.Debug|x64.ActiveCfg = Debug|Any CPU
		{A1E56F5C-EAAC-43E5-A922-5B244168EA5C}.Debug|x64.Build.0 = Debug|Any CPU
		{A1E56F5C-EAAC-43E5-A922-5B244168EA5C}.Debug|x86.ActiveCfg = Debug|Any CPU
		{A1E56F5C-EAAC-43E5-A922-5B244168EA5C}.Debug|x86.Build.0 = Debug|Any CPU
		{A1E56F5C-EAAC-43E5-A922-5B244168EA5C}.Release|Any CPU.ActiveCfg = Release|Any CPU
		{A1E56F5C-EAAC-43E5-A922-5B244168EA5C}.Release|Any CPU.Build.0 = Release|Any CPU
		{A1E56F5C-EAAC-43E5-A922-5B244168EA5C}.Release|ARM.ActiveCfg = Release|Any CPU
		{A1E56F5C-EAAC-43E5-A922-5B244168EA5C}.Release|ARM.Build.0 = Release|Any CPU
		{A1E56F5C-EAAC-43E5-A922-5B244168EA5C}.Release|x64.ActiveCfg = Release|Any CPU
		{A1E56F5C-EAAC-43E5-A922-5B244168EA5C}.Release|x64.Build.0 = Release|Any CPU
		{A1E56F5C-EAAC-43E5-A922-5B244168EA5C}.Release|x86.ActiveCfg = Release|Any CPU
		{A1E56F5C-EAAC-43E5-A922-5B244168EA5C}.Release|x86.Build.0 = Release|Any CPU
		{12674BD2-DAD3-4DB9-9C81-3FAE233C6838}.Debug|Any CPU.ActiveCfg = Debug|Any CPU
		{12674BD2-DAD3-4DB9-9C81-3FAE233C6838}.Debug|Any CPU.Build.0 = Debug|Any CPU
		{12674BD2-DAD3-4DB9-9C81-3FAE233C6838}.Debug|ARM.ActiveCfg = Debug|Any CPU
		{12674BD2-DAD3-4DB9-9C81-3FAE233C6838}.Debug|ARM.Build.0 = Debug|Any CPU
		{12674BD2-DAD3-4DB9-9C81-3FAE233C6838}.Debug|x64.ActiveCfg = Debug|Any CPU
		{12674BD2-DAD3-4DB9-9C81-3FAE233C6838}.Debug|x64.Build.0 = Debug|Any CPU
		{12674BD2-DAD3-4DB9-9C81-3FAE233C6838}.Debug|x86.ActiveCfg = Debug|Any CPU
		{12674BD2-DAD3-4DB9-9C81-3FAE233C6838}.Debug|x86.Build.0 = Debug|Any CPU
		{12674BD2-DAD3-4DB9-9C81-3FAE233C6838}.Release|Any CPU.ActiveCfg = Release|Any CPU
		{12674BD2-DAD3-4DB9-9C81-3FAE233C6838}.Release|Any CPU.Build.0 = Release|Any CPU
		{12674BD2-DAD3-4DB9-9C81-3FAE233C6838}.Release|ARM.ActiveCfg = Release|Any CPU
		{12674BD2-DAD3-4DB9-9C81-3FAE233C6838}.Release|ARM.Build.0 = Release|Any CPU
		{12674BD2-DAD3-4DB9-9C81-3FAE233C6838}.Release|x64.ActiveCfg = Release|Any CPU
		{12674BD2-DAD3-4DB9-9C81-3FAE233C6838}.Release|x64.Build.0 = Release|Any CPU
		{12674BD2-DAD3-4DB9-9C81-3FAE233C6838}.Release|x86.ActiveCfg = Release|Any CPU
		{12674BD2-DAD3-4DB9-9C81-3FAE233C6838}.Release|x86.Build.0 = Release|Any CPU
		{A892B002-2B5C-4029-B233-E35F3426D4B7}.Debug|Any CPU.ActiveCfg = Debug|Any CPU
		{A892B002-2B5C-4029-B233-E35F3426D4B7}.Debug|Any CPU.Build.0 = Debug|Any CPU
		{A892B002-2B5C-4029-B233-E35F3426D4B7}.Debug|ARM.ActiveCfg = Debug|Any CPU
		{A892B002-2B5C-4029-B233-E35F3426D4B7}.Debug|ARM.Build.0 = Debug|Any CPU
		{A892B002-2B5C-4029-B233-E35F3426D4B7}.Debug|x64.ActiveCfg = Debug|Any CPU
		{A892B002-2B5C-4029-B233-E35F3426D4B7}.Debug|x64.Build.0 = Debug|Any CPU
		{A892B002-2B5C-4029-B233-E35F3426D4B7}.Debug|x86.ActiveCfg = Debug|Any CPU
		{A892B002-2B5C-4029-B233-E35F3426D4B7}.Debug|x86.Build.0 = Debug|Any CPU
		{A892B002-2B5C-4029-B233-E35F3426D4B7}.Release|Any CPU.ActiveCfg = Release|Any CPU
		{A892B002-2B5C-4029-B233-E35F3426D4B7}.Release|Any CPU.Build.0 = Release|Any CPU
		{A892B002-2B5C-4029-B233-E35F3426D4B7}.Release|ARM.ActiveCfg = Release|Any CPU
		{A892B002-2B5C-4029-B233-E35F3426D4B7}.Release|ARM.Build.0 = Release|Any CPU
		{A892B002-2B5C-4029-B233-E35F3426D4B7}.Release|x64.ActiveCfg = Release|Any CPU
		{A892B002-2B5C-4029-B233-E35F3426D4B7}.Release|x64.Build.0 = Release|Any CPU
		{A892B002-2B5C-4029-B233-E35F3426D4B7}.Release|x86.ActiveCfg = Release|Any CPU
		{A892B002-2B5C-4029-B233-E35F3426D4B7}.Release|x86.Build.0 = Release|Any CPU
		{986EA00A-7AA4-4D9E-B986-E6F290E7AA3F}.Debug|Any CPU.ActiveCfg = Debug|Any CPU
		{986EA00A-7AA4-4D9E-B986-E6F290E7AA3F}.Debug|Any CPU.Build.0 = Debug|Any CPU
		{986EA00A-7AA4-4D9E-B986-E6F290E7AA3F}.Debug|ARM.ActiveCfg = Debug|Any CPU
		{986EA00A-7AA4-4D9E-B986-E6F290E7AA3F}.Debug|ARM.Build.0 = Debug|Any CPU
		{986EA00A-7AA4-4D9E-B986-E6F290E7AA3F}.Debug|x64.ActiveCfg = Debug|Any CPU
		{986EA00A-7AA4-4D9E-B986-E6F290E7AA3F}.Debug|x64.Build.0 = Debug|Any CPU
		{986EA00A-7AA4-4D9E-B986-E6F290E7AA3F}.Debug|x86.ActiveCfg = Debug|Any CPU
		{986EA00A-7AA4-4D9E-B986-E6F290E7AA3F}.Debug|x86.Build.0 = Debug|Any CPU
		{986EA00A-7AA4-4D9E-B986-E6F290E7AA3F}.Release|Any CPU.ActiveCfg = Release|Any CPU
		{986EA00A-7AA4-4D9E-B986-E6F290E7AA3F}.Release|Any CPU.Build.0 = Release|Any CPU
		{986EA00A-7AA4-4D9E-B986-E6F290E7AA3F}.Release|ARM.ActiveCfg = Release|Any CPU
		{986EA00A-7AA4-4D9E-B986-E6F290E7AA3F}.Release|ARM.Build.0 = Release|Any CPU
		{986EA00A-7AA4-4D9E-B986-E6F290E7AA3F}.Release|x64.ActiveCfg = Release|Any CPU
		{986EA00A-7AA4-4D9E-B986-E6F290E7AA3F}.Release|x64.Build.0 = Release|Any CPU
		{986EA00A-7AA4-4D9E-B986-E6F290E7AA3F}.Release|x86.ActiveCfg = Release|Any CPU
		{986EA00A-7AA4-4D9E-B986-E6F290E7AA3F}.Release|x86.Build.0 = Release|Any CPU
		{067456C0-086C-46A8-B37F-1405717B7BFC}.Debug|Any CPU.ActiveCfg = Debug|Any CPU
		{067456C0-086C-46A8-B37F-1405717B7BFC}.Debug|Any CPU.Build.0 = Debug|Any CPU
		{067456C0-086C-46A8-B37F-1405717B7BFC}.Debug|ARM.ActiveCfg = Debug|Any CPU
		{067456C0-086C-46A8-B37F-1405717B7BFC}.Debug|ARM.Build.0 = Debug|Any CPU
		{067456C0-086C-46A8-B37F-1405717B7BFC}.Debug|x64.ActiveCfg = Debug|Any CPU
		{067456C0-086C-46A8-B37F-1405717B7BFC}.Debug|x64.Build.0 = Debug|Any CPU
		{067456C0-086C-46A8-B37F-1405717B7BFC}.Debug|x86.ActiveCfg = Debug|Any CPU
		{067456C0-086C-46A8-B37F-1405717B7BFC}.Debug|x86.Build.0 = Debug|Any CPU
		{067456C0-086C-46A8-B37F-1405717B7BFC}.Release|Any CPU.ActiveCfg = Release|Any CPU
		{067456C0-086C-46A8-B37F-1405717B7BFC}.Release|Any CPU.Build.0 = Release|Any CPU
		{067456C0-086C-46A8-B37F-1405717B7BFC}.Release|ARM.ActiveCfg = Release|Any CPU
		{067456C0-086C-46A8-B37F-1405717B7BFC}.Release|ARM.Build.0 = Release|Any CPU
		{067456C0-086C-46A8-B37F-1405717B7BFC}.Release|x64.ActiveCfg = Release|Any CPU
		{067456C0-086C-46A8-B37F-1405717B7BFC}.Release|x64.Build.0 = Release|Any CPU
		{067456C0-086C-46A8-B37F-1405717B7BFC}.Release|x86.ActiveCfg = Release|Any CPU
		{067456C0-086C-46A8-B37F-1405717B7BFC}.Release|x86.Build.0 = Release|Any CPU
		{823E8A41-5231-4B06-BBAB-E62651E15BC7}.Debug|Any CPU.ActiveCfg = Debug|Any CPU
		{823E8A41-5231-4B06-BBAB-E62651E15BC7}.Debug|Any CPU.Build.0 = Debug|Any CPU
		{823E8A41-5231-4B06-BBAB-E62651E15BC7}.Debug|ARM.ActiveCfg = Debug|Any CPU
		{823E8A41-5231-4B06-BBAB-E62651E15BC7}.Debug|ARM.Build.0 = Debug|Any CPU
		{823E8A41-5231-4B06-BBAB-E62651E15BC7}.Debug|x64.ActiveCfg = Debug|Any CPU
		{823E8A41-5231-4B06-BBAB-E62651E15BC7}.Debug|x64.Build.0 = Debug|Any CPU
		{823E8A41-5231-4B06-BBAB-E62651E15BC7}.Debug|x86.ActiveCfg = Debug|Any CPU
		{823E8A41-5231-4B06-BBAB-E62651E15BC7}.Debug|x86.Build.0 = Debug|Any CPU
		{823E8A41-5231-4B06-BBAB-E62651E15BC7}.Release|Any CPU.ActiveCfg = Release|Any CPU
		{823E8A41-5231-4B06-BBAB-E62651E15BC7}.Release|Any CPU.Build.0 = Release|Any CPU
		{823E8A41-5231-4B06-BBAB-E62651E15BC7}.Release|ARM.ActiveCfg = Release|Any CPU
		{823E8A41-5231-4B06-BBAB-E62651E15BC7}.Release|ARM.Build.0 = Release|Any CPU
		{823E8A41-5231-4B06-BBAB-E62651E15BC7}.Release|x64.ActiveCfg = Release|Any CPU
		{823E8A41-5231-4B06-BBAB-E62651E15BC7}.Release|x64.Build.0 = Release|Any CPU
		{823E8A41-5231-4B06-BBAB-E62651E15BC7}.Release|x86.ActiveCfg = Release|Any CPU
		{823E8A41-5231-4B06-BBAB-E62651E15BC7}.Release|x86.Build.0 = Release|Any CPU
		{B0540CAE-4A84-495D-9207-A347FDC735E9}.Debug|Any CPU.ActiveCfg = Debug|Any CPU
		{B0540CAE-4A84-495D-9207-A347FDC735E9}.Debug|Any CPU.Build.0 = Debug|Any CPU
		{B0540CAE-4A84-495D-9207-A347FDC735E9}.Debug|ARM.ActiveCfg = Debug|Any CPU
		{B0540CAE-4A84-495D-9207-A347FDC735E9}.Debug|ARM.Build.0 = Debug|Any CPU
		{B0540CAE-4A84-495D-9207-A347FDC735E9}.Debug|x64.ActiveCfg = Debug|Any CPU
		{B0540CAE-4A84-495D-9207-A347FDC735E9}.Debug|x64.Build.0 = Debug|Any CPU
		{B0540CAE-4A84-495D-9207-A347FDC735E9}.Debug|x86.ActiveCfg = Debug|Any CPU
		{B0540CAE-4A84-495D-9207-A347FDC735E9}.Debug|x86.Build.0 = Debug|Any CPU
		{B0540CAE-4A84-495D-9207-A347FDC735E9}.Release|Any CPU.ActiveCfg = Release|Any CPU
		{B0540CAE-4A84-495D-9207-A347FDC735E9}.Release|Any CPU.Build.0 = Release|Any CPU
		{B0540CAE-4A84-495D-9207-A347FDC735E9}.Release|ARM.ActiveCfg = Release|Any CPU
		{B0540CAE-4A84-495D-9207-A347FDC735E9}.Release|ARM.Build.0 = Release|Any CPU
		{B0540CAE-4A84-495D-9207-A347FDC735E9}.Release|x64.ActiveCfg = Release|Any CPU
		{B0540CAE-4A84-495D-9207-A347FDC735E9}.Release|x64.Build.0 = Release|Any CPU
		{B0540CAE-4A84-495D-9207-A347FDC735E9}.Release|x86.ActiveCfg = Release|Any CPU
		{B0540CAE-4A84-495D-9207-A347FDC735E9}.Release|x86.Build.0 = Release|Any CPU
		{F6AD95A5-889C-41A4-B613-B81F09A424EE}.Debug|Any CPU.ActiveCfg = Debug|Any CPU
		{F6AD95A5-889C-41A4-B613-B81F09A424EE}.Debug|Any CPU.Build.0 = Debug|Any CPU
		{F6AD95A5-889C-41A4-B613-B81F09A424EE}.Debug|ARM.ActiveCfg = Debug|Any CPU
		{F6AD95A5-889C-41A4-B613-B81F09A424EE}.Debug|ARM.Build.0 = Debug|Any CPU
		{F6AD95A5-889C-41A4-B613-B81F09A424EE}.Debug|x64.ActiveCfg = Debug|Any CPU
		{F6AD95A5-889C-41A4-B613-B81F09A424EE}.Debug|x64.Build.0 = Debug|Any CPU
		{F6AD95A5-889C-41A4-B613-B81F09A424EE}.Debug|x86.ActiveCfg = Debug|Any CPU
		{F6AD95A5-889C-41A4-B613-B81F09A424EE}.Debug|x86.Build.0 = Debug|Any CPU
		{F6AD95A5-889C-41A4-B613-B81F09A424EE}.Release|Any CPU.ActiveCfg = Release|Any CPU
		{F6AD95A5-889C-41A4-B613-B81F09A424EE}.Release|Any CPU.Build.0 = Release|Any CPU
		{F6AD95A5-889C-41A4-B613-B81F09A424EE}.Release|ARM.ActiveCfg = Release|Any CPU
		{F6AD95A5-889C-41A4-B613-B81F09A424EE}.Release|ARM.Build.0 = Release|Any CPU
		{F6AD95A5-889C-41A4-B613-B81F09A424EE}.Release|x64.ActiveCfg = Release|Any CPU
		{F6AD95A5-889C-41A4-B613-B81F09A424EE}.Release|x64.Build.0 = Release|Any CPU
		{F6AD95A5-889C-41A4-B613-B81F09A424EE}.Release|x86.ActiveCfg = Release|Any CPU
		{F6AD95A5-889C-41A4-B613-B81F09A424EE}.Release|x86.Build.0 = Release|Any CPU
		{E011D502-5C0F-4A3F-9F1A-337FF025EB48}.Debug|Any CPU.ActiveCfg = Debug|Any CPU
		{E011D502-5C0F-4A3F-9F1A-337FF025EB48}.Debug|Any CPU.Build.0 = Debug|Any CPU
		{E011D502-5C0F-4A3F-9F1A-337FF025EB48}.Debug|ARM.ActiveCfg = Debug|Any CPU
		{E011D502-5C0F-4A3F-9F1A-337FF025EB48}.Debug|ARM.Build.0 = Debug|Any CPU
		{E011D502-5C0F-4A3F-9F1A-337FF025EB48}.Debug|x64.ActiveCfg = Debug|Any CPU
		{E011D502-5C0F-4A3F-9F1A-337FF025EB48}.Debug|x64.Build.0 = Debug|Any CPU
		{E011D502-5C0F-4A3F-9F1A-337FF025EB48}.Debug|x86.ActiveCfg = Debug|Any CPU
		{E011D502-5C0F-4A3F-9F1A-337FF025EB48}.Debug|x86.Build.0 = Debug|Any CPU
		{E011D502-5C0F-4A3F-9F1A-337FF025EB48}.Release|Any CPU.ActiveCfg = Release|Any CPU
		{E011D502-5C0F-4A3F-9F1A-337FF025EB48}.Release|Any CPU.Build.0 = Release|Any CPU
		{E011D502-5C0F-4A3F-9F1A-337FF025EB48}.Release|ARM.ActiveCfg = Release|Any CPU
		{E011D502-5C0F-4A3F-9F1A-337FF025EB48}.Release|ARM.Build.0 = Release|Any CPU
		{E011D502-5C0F-4A3F-9F1A-337FF025EB48}.Release|x64.ActiveCfg = Release|Any CPU
		{E011D502-5C0F-4A3F-9F1A-337FF025EB48}.Release|x64.Build.0 = Release|Any CPU
		{E011D502-5C0F-4A3F-9F1A-337FF025EB48}.Release|x86.ActiveCfg = Release|Any CPU
		{E011D502-5C0F-4A3F-9F1A-337FF025EB48}.Release|x86.Build.0 = Release|Any CPU
		{9FECA6E5-C949-44F1-BE40-D3303AB2EF05}.Debug|Any CPU.ActiveCfg = Debug|Any CPU
		{9FECA6E5-C949-44F1-BE40-D3303AB2EF05}.Debug|Any CPU.Build.0 = Debug|Any CPU
		{9FECA6E5-C949-44F1-BE40-D3303AB2EF05}.Debug|ARM.ActiveCfg = Debug|Any CPU
		{9FECA6E5-C949-44F1-BE40-D3303AB2EF05}.Debug|ARM.Build.0 = Debug|Any CPU
		{9FECA6E5-C949-44F1-BE40-D3303AB2EF05}.Debug|x64.ActiveCfg = Debug|Any CPU
		{9FECA6E5-C949-44F1-BE40-D3303AB2EF05}.Debug|x64.Build.0 = Debug|Any CPU
		{9FECA6E5-C949-44F1-BE40-D3303AB2EF05}.Debug|x86.ActiveCfg = Debug|Any CPU
		{9FECA6E5-C949-44F1-BE40-D3303AB2EF05}.Debug|x86.Build.0 = Debug|Any CPU
		{9FECA6E5-C949-44F1-BE40-D3303AB2EF05}.Release|Any CPU.ActiveCfg = Release|Any CPU
		{9FECA6E5-C949-44F1-BE40-D3303AB2EF05}.Release|Any CPU.Build.0 = Release|Any CPU
		{9FECA6E5-C949-44F1-BE40-D3303AB2EF05}.Release|ARM.ActiveCfg = Release|Any CPU
		{9FECA6E5-C949-44F1-BE40-D3303AB2EF05}.Release|ARM.Build.0 = Release|Any CPU
		{9FECA6E5-C949-44F1-BE40-D3303AB2EF05}.Release|x64.ActiveCfg = Release|Any CPU
		{9FECA6E5-C949-44F1-BE40-D3303AB2EF05}.Release|x64.Build.0 = Release|Any CPU
		{9FECA6E5-C949-44F1-BE40-D3303AB2EF05}.Release|x86.ActiveCfg = Release|Any CPU
		{9FECA6E5-C949-44F1-BE40-D3303AB2EF05}.Release|x86.Build.0 = Release|Any CPU
		{43E80CC4-1797-42B0-9A4C-E1D0AA297737}.Debug|Any CPU.ActiveCfg = Debug|Any CPU
		{43E80CC4-1797-42B0-9A4C-E1D0AA297737}.Debug|Any CPU.Build.0 = Debug|Any CPU
		{43E80CC4-1797-42B0-9A4C-E1D0AA297737}.Debug|ARM.ActiveCfg = Debug|Any CPU
		{43E80CC4-1797-42B0-9A4C-E1D0AA297737}.Debug|ARM.Build.0 = Debug|Any CPU
		{43E80CC4-1797-42B0-9A4C-E1D0AA297737}.Debug|x64.ActiveCfg = Debug|Any CPU
		{43E80CC4-1797-42B0-9A4C-E1D0AA297737}.Debug|x64.Build.0 = Debug|Any CPU
		{43E80CC4-1797-42B0-9A4C-E1D0AA297737}.Debug|x86.ActiveCfg = Debug|Any CPU
		{43E80CC4-1797-42B0-9A4C-E1D0AA297737}.Debug|x86.Build.0 = Debug|Any CPU
		{43E80CC4-1797-42B0-9A4C-E1D0AA297737}.Release|Any CPU.ActiveCfg = Release|Any CPU
		{43E80CC4-1797-42B0-9A4C-E1D0AA297737}.Release|Any CPU.Build.0 = Release|Any CPU
		{43E80CC4-1797-42B0-9A4C-E1D0AA297737}.Release|ARM.ActiveCfg = Release|Any CPU
		{43E80CC4-1797-42B0-9A4C-E1D0AA297737}.Release|ARM.Build.0 = Release|Any CPU
		{43E80CC4-1797-42B0-9A4C-E1D0AA297737}.Release|x64.ActiveCfg = Release|Any CPU
		{43E80CC4-1797-42B0-9A4C-E1D0AA297737}.Release|x64.Build.0 = Release|Any CPU
		{43E80CC4-1797-42B0-9A4C-E1D0AA297737}.Release|x86.ActiveCfg = Release|Any CPU
		{43E80CC4-1797-42B0-9A4C-E1D0AA297737}.Release|x86.Build.0 = Release|Any CPU
		{CC6CD5AD-EFC5-4CD6-BF6D-FB33D5F186AF}.Debug|Any CPU.ActiveCfg = Debug|Any CPU
		{CC6CD5AD-EFC5-4CD6-BF6D-FB33D5F186AF}.Debug|Any CPU.Build.0 = Debug|Any CPU
		{CC6CD5AD-EFC5-4CD6-BF6D-FB33D5F186AF}.Debug|ARM.ActiveCfg = Debug|Any CPU
		{CC6CD5AD-EFC5-4CD6-BF6D-FB33D5F186AF}.Debug|ARM.Build.0 = Debug|Any CPU
		{CC6CD5AD-EFC5-4CD6-BF6D-FB33D5F186AF}.Debug|x64.ActiveCfg = Debug|Any CPU
		{CC6CD5AD-EFC5-4CD6-BF6D-FB33D5F186AF}.Debug|x64.Build.0 = Debug|Any CPU
		{CC6CD5AD-EFC5-4CD6-BF6D-FB33D5F186AF}.Debug|x86.ActiveCfg = Debug|Any CPU
		{CC6CD5AD-EFC5-4CD6-BF6D-FB33D5F186AF}.Debug|x86.Build.0 = Debug|Any CPU
		{CC6CD5AD-EFC5-4CD6-BF6D-FB33D5F186AF}.Release|Any CPU.ActiveCfg = Release|Any CPU
		{CC6CD5AD-EFC5-4CD6-BF6D-FB33D5F186AF}.Release|Any CPU.Build.0 = Release|Any CPU
		{CC6CD5AD-EFC5-4CD6-BF6D-FB33D5F186AF}.Release|ARM.ActiveCfg = Release|Any CPU
		{CC6CD5AD-EFC5-4CD6-BF6D-FB33D5F186AF}.Release|ARM.Build.0 = Release|Any CPU
		{CC6CD5AD-EFC5-4CD6-BF6D-FB33D5F186AF}.Release|x64.ActiveCfg = Release|Any CPU
		{CC6CD5AD-EFC5-4CD6-BF6D-FB33D5F186AF}.Release|x64.Build.0 = Release|Any CPU
		{CC6CD5AD-EFC5-4CD6-BF6D-FB33D5F186AF}.Release|x86.ActiveCfg = Release|Any CPU
		{CC6CD5AD-EFC5-4CD6-BF6D-FB33D5F186AF}.Release|x86.Build.0 = Release|Any CPU
		{BC47528F-FBF6-465E-BB0E-F68F50F31C13}.Debug|Any CPU.ActiveCfg = Debug|Any CPU
		{BC47528F-FBF6-465E-BB0E-F68F50F31C13}.Debug|Any CPU.Build.0 = Debug|Any CPU
		{BC47528F-FBF6-465E-BB0E-F68F50F31C13}.Debug|ARM.ActiveCfg = Debug|Any CPU
		{BC47528F-FBF6-465E-BB0E-F68F50F31C13}.Debug|ARM.Build.0 = Debug|Any CPU
		{BC47528F-FBF6-465E-BB0E-F68F50F31C13}.Debug|x64.ActiveCfg = Debug|Any CPU
		{BC47528F-FBF6-465E-BB0E-F68F50F31C13}.Debug|x64.Build.0 = Debug|Any CPU
		{BC47528F-FBF6-465E-BB0E-F68F50F31C13}.Debug|x86.ActiveCfg = Debug|Any CPU
		{BC47528F-FBF6-465E-BB0E-F68F50F31C13}.Debug|x86.Build.0 = Debug|Any CPU
		{BC47528F-FBF6-465E-BB0E-F68F50F31C13}.Release|Any CPU.ActiveCfg = Release|Any CPU
		{BC47528F-FBF6-465E-BB0E-F68F50F31C13}.Release|Any CPU.Build.0 = Release|Any CPU
		{BC47528F-FBF6-465E-BB0E-F68F50F31C13}.Release|ARM.ActiveCfg = Release|Any CPU
		{BC47528F-FBF6-465E-BB0E-F68F50F31C13}.Release|ARM.Build.0 = Release|Any CPU
		{BC47528F-FBF6-465E-BB0E-F68F50F31C13}.Release|x64.ActiveCfg = Release|Any CPU
		{BC47528F-FBF6-465E-BB0E-F68F50F31C13}.Release|x64.Build.0 = Release|Any CPU
		{BC47528F-FBF6-465E-BB0E-F68F50F31C13}.Release|x86.ActiveCfg = Release|Any CPU
		{BC47528F-FBF6-465E-BB0E-F68F50F31C13}.Release|x86.Build.0 = Release|Any CPU
		{2BF80E43-6EB9-4DAF-A3B4-54838276C745}.Debug|Any CPU.ActiveCfg = Debug|Any CPU
		{2BF80E43-6EB9-4DAF-A3B4-54838276C745}.Debug|Any CPU.Build.0 = Debug|Any CPU
		{2BF80E43-6EB9-4DAF-A3B4-54838276C745}.Debug|ARM.ActiveCfg = Debug|Any CPU
		{2BF80E43-6EB9-4DAF-A3B4-54838276C745}.Debug|ARM.Build.0 = Debug|Any CPU
		{2BF80E43-6EB9-4DAF-A3B4-54838276C745}.Debug|x64.ActiveCfg = Debug|Any CPU
		{2BF80E43-6EB9-4DAF-A3B4-54838276C745}.Debug|x64.Build.0 = Debug|Any CPU
		{2BF80E43-6EB9-4DAF-A3B4-54838276C745}.Debug|x86.ActiveCfg = Debug|Any CPU
		{2BF80E43-6EB9-4DAF-A3B4-54838276C745}.Debug|x86.Build.0 = Debug|Any CPU
		{2BF80E43-6EB9-4DAF-A3B4-54838276C745}.Release|Any CPU.ActiveCfg = Release|Any CPU
		{2BF80E43-6EB9-4DAF-A3B4-54838276C745}.Release|Any CPU.Build.0 = Release|Any CPU
		{2BF80E43-6EB9-4DAF-A3B4-54838276C745}.Release|ARM.ActiveCfg = Release|Any CPU
		{2BF80E43-6EB9-4DAF-A3B4-54838276C745}.Release|ARM.Build.0 = Release|Any CPU
		{2BF80E43-6EB9-4DAF-A3B4-54838276C745}.Release|x64.ActiveCfg = Release|Any CPU
		{2BF80E43-6EB9-4DAF-A3B4-54838276C745}.Release|x64.Build.0 = Release|Any CPU
		{2BF80E43-6EB9-4DAF-A3B4-54838276C745}.Release|x86.ActiveCfg = Release|Any CPU
		{2BF80E43-6EB9-4DAF-A3B4-54838276C745}.Release|x86.Build.0 = Release|Any CPU
		{3A2ACE1C-1399-4137-8DE8-B8A0E654101D}.Debug|Any CPU.ActiveCfg = Debug|Any CPU
		{3A2ACE1C-1399-4137-8DE8-B8A0E654101D}.Debug|Any CPU.Build.0 = Debug|Any CPU
		{3A2ACE1C-1399-4137-8DE8-B8A0E654101D}.Debug|ARM.ActiveCfg = Debug|Any CPU
		{3A2ACE1C-1399-4137-8DE8-B8A0E654101D}.Debug|ARM.Build.0 = Debug|Any CPU
		{3A2ACE1C-1399-4137-8DE8-B8A0E654101D}.Debug|x64.ActiveCfg = Debug|Any CPU
		{3A2ACE1C-1399-4137-8DE8-B8A0E654101D}.Debug|x64.Build.0 = Debug|Any CPU
		{3A2ACE1C-1399-4137-8DE8-B8A0E654101D}.Debug|x86.ActiveCfg = Debug|Any CPU
		{3A2ACE1C-1399-4137-8DE8-B8A0E654101D}.Debug|x86.Build.0 = Debug|Any CPU
		{3A2ACE1C-1399-4137-8DE8-B8A0E654101D}.Release|Any CPU.ActiveCfg = Release|Any CPU
		{3A2ACE1C-1399-4137-8DE8-B8A0E654101D}.Release|Any CPU.Build.0 = Release|Any CPU
		{3A2ACE1C-1399-4137-8DE8-B8A0E654101D}.Release|ARM.ActiveCfg = Release|Any CPU
		{3A2ACE1C-1399-4137-8DE8-B8A0E654101D}.Release|ARM.Build.0 = Release|Any CPU
		{3A2ACE1C-1399-4137-8DE8-B8A0E654101D}.Release|x64.ActiveCfg = Release|Any CPU
		{3A2ACE1C-1399-4137-8DE8-B8A0E654101D}.Release|x64.Build.0 = Release|Any CPU
		{3A2ACE1C-1399-4137-8DE8-B8A0E654101D}.Release|x86.ActiveCfg = Release|Any CPU
		{3A2ACE1C-1399-4137-8DE8-B8A0E654101D}.Release|x86.Build.0 = Release|Any CPU
		{59041269-E52E-4CDD-84E0-92FDCFBF270D}.Debug|Any CPU.ActiveCfg = Debug|Any CPU
		{59041269-E52E-4CDD-84E0-92FDCFBF270D}.Debug|Any CPU.Build.0 = Debug|Any CPU
		{59041269-E52E-4CDD-84E0-92FDCFBF270D}.Debug|ARM.ActiveCfg = Debug|Any CPU
		{59041269-E52E-4CDD-84E0-92FDCFBF270D}.Debug|ARM.Build.0 = Debug|Any CPU
		{59041269-E52E-4CDD-84E0-92FDCFBF270D}.Debug|x64.ActiveCfg = Debug|Any CPU
		{59041269-E52E-4CDD-84E0-92FDCFBF270D}.Debug|x64.Build.0 = Debug|Any CPU
		{59041269-E52E-4CDD-84E0-92FDCFBF270D}.Debug|x86.ActiveCfg = Debug|Any CPU
		{59041269-E52E-4CDD-84E0-92FDCFBF270D}.Debug|x86.Build.0 = Debug|Any CPU
		{59041269-E52E-4CDD-84E0-92FDCFBF270D}.Release|Any CPU.ActiveCfg = Release|Any CPU
		{59041269-E52E-4CDD-84E0-92FDCFBF270D}.Release|Any CPU.Build.0 = Release|Any CPU
		{59041269-E52E-4CDD-84E0-92FDCFBF270D}.Release|ARM.ActiveCfg = Release|Any CPU
		{59041269-E52E-4CDD-84E0-92FDCFBF270D}.Release|ARM.Build.0 = Release|Any CPU
		{59041269-E52E-4CDD-84E0-92FDCFBF270D}.Release|x64.ActiveCfg = Release|Any CPU
		{59041269-E52E-4CDD-84E0-92FDCFBF270D}.Release|x64.Build.0 = Release|Any CPU
		{59041269-E52E-4CDD-84E0-92FDCFBF270D}.Release|x86.ActiveCfg = Release|Any CPU
		{59041269-E52E-4CDD-84E0-92FDCFBF270D}.Release|x86.Build.0 = Release|Any CPU
		{19B1FA8E-D302-4AF8-A53D-2A9AA469BCC7}.Debug|Any CPU.ActiveCfg = Debug|Any CPU
		{19B1FA8E-D302-4AF8-A53D-2A9AA469BCC7}.Debug|Any CPU.Build.0 = Debug|Any CPU
		{19B1FA8E-D302-4AF8-A53D-2A9AA469BCC7}.Debug|ARM.ActiveCfg = Debug|Any CPU
		{19B1FA8E-D302-4AF8-A53D-2A9AA469BCC7}.Debug|ARM.Build.0 = Debug|Any CPU
		{19B1FA8E-D302-4AF8-A53D-2A9AA469BCC7}.Debug|x64.ActiveCfg = Debug|Any CPU
		{19B1FA8E-D302-4AF8-A53D-2A9AA469BCC7}.Debug|x64.Build.0 = Debug|Any CPU
		{19B1FA8E-D302-4AF8-A53D-2A9AA469BCC7}.Debug|x86.ActiveCfg = Debug|Any CPU
		{19B1FA8E-D302-4AF8-A53D-2A9AA469BCC7}.Debug|x86.Build.0 = Debug|Any CPU
		{19B1FA8E-D302-4AF8-A53D-2A9AA469BCC7}.Release|Any CPU.ActiveCfg = Release|Any CPU
		{19B1FA8E-D302-4AF8-A53D-2A9AA469BCC7}.Release|Any CPU.Build.0 = Release|Any CPU
		{19B1FA8E-D302-4AF8-A53D-2A9AA469BCC7}.Release|ARM.ActiveCfg = Release|Any CPU
		{19B1FA8E-D302-4AF8-A53D-2A9AA469BCC7}.Release|ARM.Build.0 = Release|Any CPU
		{19B1FA8E-D302-4AF8-A53D-2A9AA469BCC7}.Release|x64.ActiveCfg = Release|Any CPU
		{19B1FA8E-D302-4AF8-A53D-2A9AA469BCC7}.Release|x64.Build.0 = Release|Any CPU
		{19B1FA8E-D302-4AF8-A53D-2A9AA469BCC7}.Release|x86.ActiveCfg = Release|Any CPU
		{19B1FA8E-D302-4AF8-A53D-2A9AA469BCC7}.Release|x86.Build.0 = Release|Any CPU
		{22255EBF-8180-4801-877D-5A65AB0B993C}.Debug|Any CPU.ActiveCfg = Debug|Any CPU
		{22255EBF-8180-4801-877D-5A65AB0B993C}.Debug|Any CPU.Build.0 = Debug|Any CPU
		{22255EBF-8180-4801-877D-5A65AB0B993C}.Debug|ARM.ActiveCfg = Debug|Any CPU
		{22255EBF-8180-4801-877D-5A65AB0B993C}.Debug|ARM.Build.0 = Debug|Any CPU
		{22255EBF-8180-4801-877D-5A65AB0B993C}.Debug|x64.ActiveCfg = Debug|Any CPU
		{22255EBF-8180-4801-877D-5A65AB0B993C}.Debug|x64.Build.0 = Debug|Any CPU
		{22255EBF-8180-4801-877D-5A65AB0B993C}.Debug|x86.ActiveCfg = Debug|Any CPU
		{22255EBF-8180-4801-877D-5A65AB0B993C}.Debug|x86.Build.0 = Debug|Any CPU
		{22255EBF-8180-4801-877D-5A65AB0B993C}.Release|Any CPU.ActiveCfg = Release|Any CPU
		{22255EBF-8180-4801-877D-5A65AB0B993C}.Release|Any CPU.Build.0 = Release|Any CPU
		{22255EBF-8180-4801-877D-5A65AB0B993C}.Release|ARM.ActiveCfg = Release|Any CPU
		{22255EBF-8180-4801-877D-5A65AB0B993C}.Release|ARM.Build.0 = Release|Any CPU
		{22255EBF-8180-4801-877D-5A65AB0B993C}.Release|x64.ActiveCfg = Release|Any CPU
		{22255EBF-8180-4801-877D-5A65AB0B993C}.Release|x64.Build.0 = Release|Any CPU
		{22255EBF-8180-4801-877D-5A65AB0B993C}.Release|x86.ActiveCfg = Release|Any CPU
		{22255EBF-8180-4801-877D-5A65AB0B993C}.Release|x86.Build.0 = Release|Any CPU
		{BA21951C-1799-4D0F-AA99-62DF857F3B71}.Debug|Any CPU.ActiveCfg = Debug|Any CPU
		{BA21951C-1799-4D0F-AA99-62DF857F3B71}.Debug|Any CPU.Build.0 = Debug|Any CPU
		{BA21951C-1799-4D0F-AA99-62DF857F3B71}.Debug|ARM.ActiveCfg = Debug|Any CPU
		{BA21951C-1799-4D0F-AA99-62DF857F3B71}.Debug|ARM.Build.0 = Debug|Any CPU
		{BA21951C-1799-4D0F-AA99-62DF857F3B71}.Debug|x64.ActiveCfg = Debug|Any CPU
		{BA21951C-1799-4D0F-AA99-62DF857F3B71}.Debug|x64.Build.0 = Debug|Any CPU
		{BA21951C-1799-4D0F-AA99-62DF857F3B71}.Debug|x86.ActiveCfg = Debug|Any CPU
		{BA21951C-1799-4D0F-AA99-62DF857F3B71}.Debug|x86.Build.0 = Debug|Any CPU
		{BA21951C-1799-4D0F-AA99-62DF857F3B71}.Release|Any CPU.ActiveCfg = Release|Any CPU
		{BA21951C-1799-4D0F-AA99-62DF857F3B71}.Release|Any CPU.Build.0 = Release|Any CPU
		{BA21951C-1799-4D0F-AA99-62DF857F3B71}.Release|ARM.ActiveCfg = Release|Any CPU
		{BA21951C-1799-4D0F-AA99-62DF857F3B71}.Release|ARM.Build.0 = Release|Any CPU
		{BA21951C-1799-4D0F-AA99-62DF857F3B71}.Release|x64.ActiveCfg = Release|Any CPU
		{BA21951C-1799-4D0F-AA99-62DF857F3B71}.Release|x64.Build.0 = Release|Any CPU
		{BA21951C-1799-4D0F-AA99-62DF857F3B71}.Release|x86.ActiveCfg = Release|Any CPU
		{BA21951C-1799-4D0F-AA99-62DF857F3B71}.Release|x86.Build.0 = Release|Any CPU
		{BB9973F4-6832-424C-A596-941AFCD7FC80}.Debug|Any CPU.ActiveCfg = Debug|Any CPU
		{BB9973F4-6832-424C-A596-941AFCD7FC80}.Debug|Any CPU.Build.0 = Debug|Any CPU
		{BB9973F4-6832-424C-A596-941AFCD7FC80}.Debug|ARM.ActiveCfg = Debug|Any CPU
		{BB9973F4-6832-424C-A596-941AFCD7FC80}.Debug|ARM.Build.0 = Debug|Any CPU
		{BB9973F4-6832-424C-A596-941AFCD7FC80}.Debug|x64.ActiveCfg = Debug|Any CPU
		{BB9973F4-6832-424C-A596-941AFCD7FC80}.Debug|x64.Build.0 = Debug|Any CPU
		{BB9973F4-6832-424C-A596-941AFCD7FC80}.Debug|x86.ActiveCfg = Debug|Any CPU
		{BB9973F4-6832-424C-A596-941AFCD7FC80}.Debug|x86.Build.0 = Debug|Any CPU
		{BB9973F4-6832-424C-A596-941AFCD7FC80}.Release|Any CPU.ActiveCfg = Release|Any CPU
		{BB9973F4-6832-424C-A596-941AFCD7FC80}.Release|Any CPU.Build.0 = Release|Any CPU
		{BB9973F4-6832-424C-A596-941AFCD7FC80}.Release|ARM.ActiveCfg = Release|Any CPU
		{BB9973F4-6832-424C-A596-941AFCD7FC80}.Release|ARM.Build.0 = Release|Any CPU
		{BB9973F4-6832-424C-A596-941AFCD7FC80}.Release|x64.ActiveCfg = Release|Any CPU
		{BB9973F4-6832-424C-A596-941AFCD7FC80}.Release|x64.Build.0 = Release|Any CPU
		{BB9973F4-6832-424C-A596-941AFCD7FC80}.Release|x86.ActiveCfg = Release|Any CPU
		{BB9973F4-6832-424C-A596-941AFCD7FC80}.Release|x86.Build.0 = Release|Any CPU
		{4207A3D8-E526-4E5F-8E1D-F748A01EF34D}.Debug|Any CPU.ActiveCfg = Debug|Any CPU
		{4207A3D8-E526-4E5F-8E1D-F748A01EF34D}.Debug|Any CPU.Build.0 = Debug|Any CPU
		{4207A3D8-E526-4E5F-8E1D-F748A01EF34D}.Debug|ARM.ActiveCfg = Debug|Any CPU
		{4207A3D8-E526-4E5F-8E1D-F748A01EF34D}.Debug|ARM.Build.0 = Debug|Any CPU
		{4207A3D8-E526-4E5F-8E1D-F748A01EF34D}.Debug|x64.ActiveCfg = Debug|Any CPU
		{4207A3D8-E526-4E5F-8E1D-F748A01EF34D}.Debug|x64.Build.0 = Debug|Any CPU
		{4207A3D8-E526-4E5F-8E1D-F748A01EF34D}.Debug|x86.ActiveCfg = Debug|Any CPU
		{4207A3D8-E526-4E5F-8E1D-F748A01EF34D}.Debug|x86.Build.0 = Debug|Any CPU
		{4207A3D8-E526-4E5F-8E1D-F748A01EF34D}.Release|Any CPU.ActiveCfg = Release|Any CPU
		{4207A3D8-E526-4E5F-8E1D-F748A01EF34D}.Release|Any CPU.Build.0 = Release|Any CPU
		{4207A3D8-E526-4E5F-8E1D-F748A01EF34D}.Release|ARM.ActiveCfg = Release|Any CPU
		{4207A3D8-E526-4E5F-8E1D-F748A01EF34D}.Release|ARM.Build.0 = Release|Any CPU
		{4207A3D8-E526-4E5F-8E1D-F748A01EF34D}.Release|x64.ActiveCfg = Release|Any CPU
		{4207A3D8-E526-4E5F-8E1D-F748A01EF34D}.Release|x64.Build.0 = Release|Any CPU
		{4207A3D8-E526-4E5F-8E1D-F748A01EF34D}.Release|x86.ActiveCfg = Release|Any CPU
		{4207A3D8-E526-4E5F-8E1D-F748A01EF34D}.Release|x86.Build.0 = Release|Any CPU
		{0DDABD9E-CFC8-4B58-9870-BCBA9E6FCD4C}.Debug|Any CPU.ActiveCfg = Debug|Any CPU
		{0DDABD9E-CFC8-4B58-9870-BCBA9E6FCD4C}.Debug|Any CPU.Build.0 = Debug|Any CPU
		{0DDABD9E-CFC8-4B58-9870-BCBA9E6FCD4C}.Debug|ARM.ActiveCfg = Debug|Any CPU
		{0DDABD9E-CFC8-4B58-9870-BCBA9E6FCD4C}.Debug|ARM.Build.0 = Debug|Any CPU
		{0DDABD9E-CFC8-4B58-9870-BCBA9E6FCD4C}.Debug|x64.ActiveCfg = Debug|Any CPU
		{0DDABD9E-CFC8-4B58-9870-BCBA9E6FCD4C}.Debug|x64.Build.0 = Debug|Any CPU
		{0DDABD9E-CFC8-4B58-9870-BCBA9E6FCD4C}.Debug|x86.ActiveCfg = Debug|Any CPU
		{0DDABD9E-CFC8-4B58-9870-BCBA9E6FCD4C}.Debug|x86.Build.0 = Debug|Any CPU
		{0DDABD9E-CFC8-4B58-9870-BCBA9E6FCD4C}.Release|Any CPU.ActiveCfg = Release|Any CPU
		{0DDABD9E-CFC8-4B58-9870-BCBA9E6FCD4C}.Release|Any CPU.Build.0 = Release|Any CPU
		{0DDABD9E-CFC8-4B58-9870-BCBA9E6FCD4C}.Release|ARM.ActiveCfg = Release|Any CPU
		{0DDABD9E-CFC8-4B58-9870-BCBA9E6FCD4C}.Release|ARM.Build.0 = Release|Any CPU
		{0DDABD9E-CFC8-4B58-9870-BCBA9E6FCD4C}.Release|x64.ActiveCfg = Release|Any CPU
		{0DDABD9E-CFC8-4B58-9870-BCBA9E6FCD4C}.Release|x64.Build.0 = Release|Any CPU
		{0DDABD9E-CFC8-4B58-9870-BCBA9E6FCD4C}.Release|x86.ActiveCfg = Release|Any CPU
		{0DDABD9E-CFC8-4B58-9870-BCBA9E6FCD4C}.Release|x86.Build.0 = Release|Any CPU
		{8BD40EA0-D3F2-437A-BC2A-51DCC8CC8910}.Debug|Any CPU.ActiveCfg = Debug|Any CPU
		{8BD40EA0-D3F2-437A-BC2A-51DCC8CC8910}.Debug|Any CPU.Build.0 = Debug|Any CPU
		{8BD40EA0-D3F2-437A-BC2A-51DCC8CC8910}.Debug|ARM.ActiveCfg = Debug|Any CPU
		{8BD40EA0-D3F2-437A-BC2A-51DCC8CC8910}.Debug|ARM.Build.0 = Debug|Any CPU
		{8BD40EA0-D3F2-437A-BC2A-51DCC8CC8910}.Debug|x64.ActiveCfg = Debug|Any CPU
		{8BD40EA0-D3F2-437A-BC2A-51DCC8CC8910}.Debug|x64.Build.0 = Debug|Any CPU
		{8BD40EA0-D3F2-437A-BC2A-51DCC8CC8910}.Debug|x86.ActiveCfg = Debug|Any CPU
		{8BD40EA0-D3F2-437A-BC2A-51DCC8CC8910}.Debug|x86.Build.0 = Debug|Any CPU
		{8BD40EA0-D3F2-437A-BC2A-51DCC8CC8910}.Release|Any CPU.ActiveCfg = Release|Any CPU
		{8BD40EA0-D3F2-437A-BC2A-51DCC8CC8910}.Release|Any CPU.Build.0 = Release|Any CPU
		{8BD40EA0-D3F2-437A-BC2A-51DCC8CC8910}.Release|ARM.ActiveCfg = Release|Any CPU
		{8BD40EA0-D3F2-437A-BC2A-51DCC8CC8910}.Release|ARM.Build.0 = Release|Any CPU
		{8BD40EA0-D3F2-437A-BC2A-51DCC8CC8910}.Release|x64.ActiveCfg = Release|Any CPU
		{8BD40EA0-D3F2-437A-BC2A-51DCC8CC8910}.Release|x64.Build.0 = Release|Any CPU
		{8BD40EA0-D3F2-437A-BC2A-51DCC8CC8910}.Release|x86.ActiveCfg = Release|Any CPU
		{8BD40EA0-D3F2-437A-BC2A-51DCC8CC8910}.Release|x86.Build.0 = Release|Any CPU
		{4C7DA1E7-D853-482F-8E07-CD4562FE14B6}.Debug|Any CPU.ActiveCfg = Debug|Any CPU
		{4C7DA1E7-D853-482F-8E07-CD4562FE14B6}.Debug|Any CPU.Build.0 = Debug|Any CPU
		{4C7DA1E7-D853-482F-8E07-CD4562FE14B6}.Debug|ARM.ActiveCfg = Debug|Any CPU
		{4C7DA1E7-D853-482F-8E07-CD4562FE14B6}.Debug|ARM.Build.0 = Debug|Any CPU
		{4C7DA1E7-D853-482F-8E07-CD4562FE14B6}.Debug|x64.ActiveCfg = Debug|Any CPU
		{4C7DA1E7-D853-482F-8E07-CD4562FE14B6}.Debug|x64.Build.0 = Debug|Any CPU
		{4C7DA1E7-D853-482F-8E07-CD4562FE14B6}.Debug|x86.ActiveCfg = Debug|Any CPU
		{4C7DA1E7-D853-482F-8E07-CD4562FE14B6}.Debug|x86.Build.0 = Debug|Any CPU
		{4C7DA1E7-D853-482F-8E07-CD4562FE14B6}.Release|Any CPU.ActiveCfg = Release|Any CPU
		{4C7DA1E7-D853-482F-8E07-CD4562FE14B6}.Release|Any CPU.Build.0 = Release|Any CPU
		{4C7DA1E7-D853-482F-8E07-CD4562FE14B6}.Release|ARM.ActiveCfg = Release|Any CPU
		{4C7DA1E7-D853-482F-8E07-CD4562FE14B6}.Release|ARM.Build.0 = Release|Any CPU
		{4C7DA1E7-D853-482F-8E07-CD4562FE14B6}.Release|x64.ActiveCfg = Release|Any CPU
		{4C7DA1E7-D853-482F-8E07-CD4562FE14B6}.Release|x64.Build.0 = Release|Any CPU
		{4C7DA1E7-D853-482F-8E07-CD4562FE14B6}.Release|x86.ActiveCfg = Release|Any CPU
		{4C7DA1E7-D853-482F-8E07-CD4562FE14B6}.Release|x86.Build.0 = Release|Any CPU
		{F64E1547-1F52-4606-84DF-AC905FE91052}.Debug|Any CPU.ActiveCfg = Debug|Any CPU
		{F64E1547-1F52-4606-84DF-AC905FE91052}.Debug|Any CPU.Build.0 = Debug|Any CPU
		{F64E1547-1F52-4606-84DF-AC905FE91052}.Debug|ARM.ActiveCfg = Debug|Any CPU
		{F64E1547-1F52-4606-84DF-AC905FE91052}.Debug|ARM.Build.0 = Debug|Any CPU
		{F64E1547-1F52-4606-84DF-AC905FE91052}.Debug|x64.ActiveCfg = Debug|Any CPU
		{F64E1547-1F52-4606-84DF-AC905FE91052}.Debug|x64.Build.0 = Debug|Any CPU
		{F64E1547-1F52-4606-84DF-AC905FE91052}.Debug|x86.ActiveCfg = Debug|Any CPU
		{F64E1547-1F52-4606-84DF-AC905FE91052}.Debug|x86.Build.0 = Debug|Any CPU
		{F64E1547-1F52-4606-84DF-AC905FE91052}.Release|Any CPU.ActiveCfg = Release|Any CPU
		{F64E1547-1F52-4606-84DF-AC905FE91052}.Release|Any CPU.Build.0 = Release|Any CPU
		{F64E1547-1F52-4606-84DF-AC905FE91052}.Release|ARM.ActiveCfg = Release|Any CPU
		{F64E1547-1F52-4606-84DF-AC905FE91052}.Release|ARM.Build.0 = Release|Any CPU
		{F64E1547-1F52-4606-84DF-AC905FE91052}.Release|x64.ActiveCfg = Release|Any CPU
		{F64E1547-1F52-4606-84DF-AC905FE91052}.Release|x64.Build.0 = Release|Any CPU
		{F64E1547-1F52-4606-84DF-AC905FE91052}.Release|x86.ActiveCfg = Release|Any CPU
		{F64E1547-1F52-4606-84DF-AC905FE91052}.Release|x86.Build.0 = Release|Any CPU
		{ABF47A79-0E36-4417-B781-4BFCB2D9BF2D}.Debug|Any CPU.ActiveCfg = Debug|Any CPU
		{ABF47A79-0E36-4417-B781-4BFCB2D9BF2D}.Debug|Any CPU.Build.0 = Debug|Any CPU
		{ABF47A79-0E36-4417-B781-4BFCB2D9BF2D}.Debug|ARM.ActiveCfg = Debug|Any CPU
		{ABF47A79-0E36-4417-B781-4BFCB2D9BF2D}.Debug|ARM.Build.0 = Debug|Any CPU
		{ABF47A79-0E36-4417-B781-4BFCB2D9BF2D}.Debug|x64.ActiveCfg = Debug|Any CPU
		{ABF47A79-0E36-4417-B781-4BFCB2D9BF2D}.Debug|x64.Build.0 = Debug|Any CPU
		{ABF47A79-0E36-4417-B781-4BFCB2D9BF2D}.Debug|x86.ActiveCfg = Debug|Any CPU
		{ABF47A79-0E36-4417-B781-4BFCB2D9BF2D}.Debug|x86.Build.0 = Debug|Any CPU
		{ABF47A79-0E36-4417-B781-4BFCB2D9BF2D}.Release|Any CPU.ActiveCfg = Release|Any CPU
		{ABF47A79-0E36-4417-B781-4BFCB2D9BF2D}.Release|Any CPU.Build.0 = Release|Any CPU
		{ABF47A79-0E36-4417-B781-4BFCB2D9BF2D}.Release|ARM.ActiveCfg = Release|Any CPU
		{ABF47A79-0E36-4417-B781-4BFCB2D9BF2D}.Release|ARM.Build.0 = Release|Any CPU
		{ABF47A79-0E36-4417-B781-4BFCB2D9BF2D}.Release|x64.ActiveCfg = Release|Any CPU
		{ABF47A79-0E36-4417-B781-4BFCB2D9BF2D}.Release|x64.Build.0 = Release|Any CPU
		{ABF47A79-0E36-4417-B781-4BFCB2D9BF2D}.Release|x86.ActiveCfg = Release|Any CPU
		{ABF47A79-0E36-4417-B781-4BFCB2D9BF2D}.Release|x86.Build.0 = Release|Any CPU
		{71C37EAC-993D-425F-BB0B-84459A091CE5}.Debug|Any CPU.ActiveCfg = Debug|Any CPU
		{71C37EAC-993D-425F-BB0B-84459A091CE5}.Debug|Any CPU.Build.0 = Debug|Any CPU
		{71C37EAC-993D-425F-BB0B-84459A091CE5}.Debug|ARM.ActiveCfg = Debug|Any CPU
		{71C37EAC-993D-425F-BB0B-84459A091CE5}.Debug|ARM.Build.0 = Debug|Any CPU
		{71C37EAC-993D-425F-BB0B-84459A091CE5}.Debug|x64.ActiveCfg = Debug|Any CPU
		{71C37EAC-993D-425F-BB0B-84459A091CE5}.Debug|x64.Build.0 = Debug|Any CPU
		{71C37EAC-993D-425F-BB0B-84459A091CE5}.Debug|x86.ActiveCfg = Debug|Any CPU
		{71C37EAC-993D-425F-BB0B-84459A091CE5}.Debug|x86.Build.0 = Debug|Any CPU
		{71C37EAC-993D-425F-BB0B-84459A091CE5}.Release|Any CPU.ActiveCfg = Release|Any CPU
		{71C37EAC-993D-425F-BB0B-84459A091CE5}.Release|Any CPU.Build.0 = Release|Any CPU
		{71C37EAC-993D-425F-BB0B-84459A091CE5}.Release|ARM.ActiveCfg = Release|Any CPU
		{71C37EAC-993D-425F-BB0B-84459A091CE5}.Release|ARM.Build.0 = Release|Any CPU
		{71C37EAC-993D-425F-BB0B-84459A091CE5}.Release|x64.ActiveCfg = Release|Any CPU
		{71C37EAC-993D-425F-BB0B-84459A091CE5}.Release|x64.Build.0 = Release|Any CPU
		{71C37EAC-993D-425F-BB0B-84459A091CE5}.Release|x86.ActiveCfg = Release|Any CPU
		{71C37EAC-993D-425F-BB0B-84459A091CE5}.Release|x86.Build.0 = Release|Any CPU
		{C751A38C-44D9-4918-B1F1-55A80147471D}.Debug|Any CPU.ActiveCfg = Debug|Any CPU
		{C751A38C-44D9-4918-B1F1-55A80147471D}.Debug|Any CPU.Build.0 = Debug|Any CPU
		{C751A38C-44D9-4918-B1F1-55A80147471D}.Debug|ARM.ActiveCfg = Debug|Any CPU
		{C751A38C-44D9-4918-B1F1-55A80147471D}.Debug|ARM.Build.0 = Debug|Any CPU
		{C751A38C-44D9-4918-B1F1-55A80147471D}.Debug|x64.ActiveCfg = Debug|Any CPU
		{C751A38C-44D9-4918-B1F1-55A80147471D}.Debug|x64.Build.0 = Debug|Any CPU
		{C751A38C-44D9-4918-B1F1-55A80147471D}.Debug|x86.ActiveCfg = Debug|Any CPU
		{C751A38C-44D9-4918-B1F1-55A80147471D}.Debug|x86.Build.0 = Debug|Any CPU
		{C751A38C-44D9-4918-B1F1-55A80147471D}.Release|Any CPU.ActiveCfg = Release|Any CPU
		{C751A38C-44D9-4918-B1F1-55A80147471D}.Release|Any CPU.Build.0 = Release|Any CPU
		{C751A38C-44D9-4918-B1F1-55A80147471D}.Release|ARM.ActiveCfg = Release|Any CPU
		{C751A38C-44D9-4918-B1F1-55A80147471D}.Release|ARM.Build.0 = Release|Any CPU
		{C751A38C-44D9-4918-B1F1-55A80147471D}.Release|x64.ActiveCfg = Release|Any CPU
		{C751A38C-44D9-4918-B1F1-55A80147471D}.Release|x64.Build.0 = Release|Any CPU
		{C751A38C-44D9-4918-B1F1-55A80147471D}.Release|x86.ActiveCfg = Release|Any CPU
		{C751A38C-44D9-4918-B1F1-55A80147471D}.Release|x86.Build.0 = Release|Any CPU
		{9E5F2F9F-1800-46F0-8AB8-D628955D03AD}.Debug|Any CPU.ActiveCfg = Debug|Any CPU
		{9E5F2F9F-1800-46F0-8AB8-D628955D03AD}.Debug|Any CPU.Build.0 = Debug|Any CPU
		{9E5F2F9F-1800-46F0-8AB8-D628955D03AD}.Debug|ARM.ActiveCfg = Debug|Any CPU
		{9E5F2F9F-1800-46F0-8AB8-D628955D03AD}.Debug|ARM.Build.0 = Debug|Any CPU
		{9E5F2F9F-1800-46F0-8AB8-D628955D03AD}.Debug|x64.ActiveCfg = Debug|Any CPU
		{9E5F2F9F-1800-46F0-8AB8-D628955D03AD}.Debug|x64.Build.0 = Debug|Any CPU
		{9E5F2F9F-1800-46F0-8AB8-D628955D03AD}.Debug|x86.ActiveCfg = Debug|Any CPU
		{9E5F2F9F-1800-46F0-8AB8-D628955D03AD}.Debug|x86.Build.0 = Debug|Any CPU
		{9E5F2F9F-1800-46F0-8AB8-D628955D03AD}.Release|Any CPU.ActiveCfg = Release|Any CPU
		{9E5F2F9F-1800-46F0-8AB8-D628955D03AD}.Release|Any CPU.Build.0 = Release|Any CPU
		{9E5F2F9F-1800-46F0-8AB8-D628955D03AD}.Release|ARM.ActiveCfg = Release|Any CPU
		{9E5F2F9F-1800-46F0-8AB8-D628955D03AD}.Release|ARM.Build.0 = Release|Any CPU
		{9E5F2F9F-1800-46F0-8AB8-D628955D03AD}.Release|x64.ActiveCfg = Release|Any CPU
		{9E5F2F9F-1800-46F0-8AB8-D628955D03AD}.Release|x64.Build.0 = Release|Any CPU
		{9E5F2F9F-1800-46F0-8AB8-D628955D03AD}.Release|x86.ActiveCfg = Release|Any CPU
		{9E5F2F9F-1800-46F0-8AB8-D628955D03AD}.Release|x86.Build.0 = Release|Any CPU
		{8D2E220B-2764-4798-AC75-E75F4847CCC6}.Debug|Any CPU.ActiveCfg = Debug|Any CPU
		{8D2E220B-2764-4798-AC75-E75F4847CCC6}.Debug|Any CPU.Build.0 = Debug|Any CPU
		{8D2E220B-2764-4798-AC75-E75F4847CCC6}.Debug|ARM.ActiveCfg = Debug|Any CPU
		{8D2E220B-2764-4798-AC75-E75F4847CCC6}.Debug|ARM.Build.0 = Debug|Any CPU
		{8D2E220B-2764-4798-AC75-E75F4847CCC6}.Debug|x64.ActiveCfg = Debug|Any CPU
		{8D2E220B-2764-4798-AC75-E75F4847CCC6}.Debug|x64.Build.0 = Debug|Any CPU
		{8D2E220B-2764-4798-AC75-E75F4847CCC6}.Debug|x86.ActiveCfg = Debug|Any CPU
		{8D2E220B-2764-4798-AC75-E75F4847CCC6}.Debug|x86.Build.0 = Debug|Any CPU
		{8D2E220B-2764-4798-AC75-E75F4847CCC6}.Release|Any CPU.ActiveCfg = Release|Any CPU
		{8D2E220B-2764-4798-AC75-E75F4847CCC6}.Release|Any CPU.Build.0 = Release|Any CPU
		{8D2E220B-2764-4798-AC75-E75F4847CCC6}.Release|ARM.ActiveCfg = Release|Any CPU
		{8D2E220B-2764-4798-AC75-E75F4847CCC6}.Release|ARM.Build.0 = Release|Any CPU
		{8D2E220B-2764-4798-AC75-E75F4847CCC6}.Release|x64.ActiveCfg = Release|Any CPU
		{8D2E220B-2764-4798-AC75-E75F4847CCC6}.Release|x64.Build.0 = Release|Any CPU
		{8D2E220B-2764-4798-AC75-E75F4847CCC6}.Release|x86.ActiveCfg = Release|Any CPU
		{8D2E220B-2764-4798-AC75-E75F4847CCC6}.Release|x86.Build.0 = Release|Any CPU
		{64474679-ED12-4F6A-AEAB-53D7DEC319B4}.Debug|Any CPU.ActiveCfg = Debug|Any CPU
		{64474679-ED12-4F6A-AEAB-53D7DEC319B4}.Debug|Any CPU.Build.0 = Debug|Any CPU
		{64474679-ED12-4F6A-AEAB-53D7DEC319B4}.Debug|ARM.ActiveCfg = Debug|Any CPU
		{64474679-ED12-4F6A-AEAB-53D7DEC319B4}.Debug|ARM.Build.0 = Debug|Any CPU
		{64474679-ED12-4F6A-AEAB-53D7DEC319B4}.Debug|x64.ActiveCfg = Debug|Any CPU
		{64474679-ED12-4F6A-AEAB-53D7DEC319B4}.Debug|x64.Build.0 = Debug|Any CPU
		{64474679-ED12-4F6A-AEAB-53D7DEC319B4}.Debug|x86.ActiveCfg = Debug|Any CPU
		{64474679-ED12-4F6A-AEAB-53D7DEC319B4}.Debug|x86.Build.0 = Debug|Any CPU
		{64474679-ED12-4F6A-AEAB-53D7DEC319B4}.Release|Any CPU.ActiveCfg = Release|Any CPU
		{64474679-ED12-4F6A-AEAB-53D7DEC319B4}.Release|Any CPU.Build.0 = Release|Any CPU
		{64474679-ED12-4F6A-AEAB-53D7DEC319B4}.Release|ARM.ActiveCfg = Release|Any CPU
		{64474679-ED12-4F6A-AEAB-53D7DEC319B4}.Release|ARM.Build.0 = Release|Any CPU
		{64474679-ED12-4F6A-AEAB-53D7DEC319B4}.Release|x64.ActiveCfg = Release|Any CPU
		{64474679-ED12-4F6A-AEAB-53D7DEC319B4}.Release|x64.Build.0 = Release|Any CPU
		{64474679-ED12-4F6A-AEAB-53D7DEC319B4}.Release|x86.ActiveCfg = Release|Any CPU
		{64474679-ED12-4F6A-AEAB-53D7DEC319B4}.Release|x86.Build.0 = Release|Any CPU
		{5668AA40-1C40-4888-B4AC-052E608383F4}.Debug|Any CPU.ActiveCfg = Debug|Any CPU
		{5668AA40-1C40-4888-B4AC-052E608383F4}.Debug|Any CPU.Build.0 = Debug|Any CPU
		{5668AA40-1C40-4888-B4AC-052E608383F4}.Debug|ARM.ActiveCfg = Debug|Any CPU
		{5668AA40-1C40-4888-B4AC-052E608383F4}.Debug|ARM.Build.0 = Debug|Any CPU
		{5668AA40-1C40-4888-B4AC-052E608383F4}.Debug|x64.ActiveCfg = Debug|Any CPU
		{5668AA40-1C40-4888-B4AC-052E608383F4}.Debug|x64.Build.0 = Debug|Any CPU
		{5668AA40-1C40-4888-B4AC-052E608383F4}.Debug|x86.ActiveCfg = Debug|Any CPU
		{5668AA40-1C40-4888-B4AC-052E608383F4}.Debug|x86.Build.0 = Debug|Any CPU
		{5668AA40-1C40-4888-B4AC-052E608383F4}.Release|Any CPU.ActiveCfg = Release|Any CPU
		{5668AA40-1C40-4888-B4AC-052E608383F4}.Release|Any CPU.Build.0 = Release|Any CPU
		{5668AA40-1C40-4888-B4AC-052E608383F4}.Release|ARM.ActiveCfg = Release|Any CPU
		{5668AA40-1C40-4888-B4AC-052E608383F4}.Release|ARM.Build.0 = Release|Any CPU
		{5668AA40-1C40-4888-B4AC-052E608383F4}.Release|x64.ActiveCfg = Release|Any CPU
		{5668AA40-1C40-4888-B4AC-052E608383F4}.Release|x64.Build.0 = Release|Any CPU
		{5668AA40-1C40-4888-B4AC-052E608383F4}.Release|x86.ActiveCfg = Release|Any CPU
		{5668AA40-1C40-4888-B4AC-052E608383F4}.Release|x86.Build.0 = Release|Any CPU
		{58C05E0C-707A-4D8C-B886-549581CB6EBC}.Debug|Any CPU.ActiveCfg = Debug|Any CPU
		{58C05E0C-707A-4D8C-B886-549581CB6EBC}.Debug|Any CPU.Build.0 = Debug|Any CPU
		{58C05E0C-707A-4D8C-B886-549581CB6EBC}.Debug|ARM.ActiveCfg = Debug|Any CPU
		{58C05E0C-707A-4D8C-B886-549581CB6EBC}.Debug|ARM.Build.0 = Debug|Any CPU
		{58C05E0C-707A-4D8C-B886-549581CB6EBC}.Debug|x64.ActiveCfg = Debug|Any CPU
		{58C05E0C-707A-4D8C-B886-549581CB6EBC}.Debug|x64.Build.0 = Debug|Any CPU
		{58C05E0C-707A-4D8C-B886-549581CB6EBC}.Debug|x86.ActiveCfg = Debug|Any CPU
		{58C05E0C-707A-4D8C-B886-549581CB6EBC}.Debug|x86.Build.0 = Debug|Any CPU
		{58C05E0C-707A-4D8C-B886-549581CB6EBC}.Release|Any CPU.ActiveCfg = Release|Any CPU
		{58C05E0C-707A-4D8C-B886-549581CB6EBC}.Release|Any CPU.Build.0 = Release|Any CPU
		{58C05E0C-707A-4D8C-B886-549581CB6EBC}.Release|ARM.ActiveCfg = Release|Any CPU
		{58C05E0C-707A-4D8C-B886-549581CB6EBC}.Release|ARM.Build.0 = Release|Any CPU
		{58C05E0C-707A-4D8C-B886-549581CB6EBC}.Release|x64.ActiveCfg = Release|Any CPU
		{58C05E0C-707A-4D8C-B886-549581CB6EBC}.Release|x64.Build.0 = Release|Any CPU
		{58C05E0C-707A-4D8C-B886-549581CB6EBC}.Release|x86.ActiveCfg = Release|Any CPU
		{58C05E0C-707A-4D8C-B886-549581CB6EBC}.Release|x86.Build.0 = Release|Any CPU
		{C971A59A-2DD0-4396-AB70-7CBAC20D6CC9}.Debug|Any CPU.ActiveCfg = Debug|Any CPU
		{C971A59A-2DD0-4396-AB70-7CBAC20D6CC9}.Debug|Any CPU.Build.0 = Debug|Any CPU
		{C971A59A-2DD0-4396-AB70-7CBAC20D6CC9}.Debug|ARM.ActiveCfg = Debug|Any CPU
		{C971A59A-2DD0-4396-AB70-7CBAC20D6CC9}.Debug|ARM.Build.0 = Debug|Any CPU
		{C971A59A-2DD0-4396-AB70-7CBAC20D6CC9}.Debug|x64.ActiveCfg = Debug|Any CPU
		{C971A59A-2DD0-4396-AB70-7CBAC20D6CC9}.Debug|x64.Build.0 = Debug|Any CPU
		{C971A59A-2DD0-4396-AB70-7CBAC20D6CC9}.Debug|x86.ActiveCfg = Debug|Any CPU
		{C971A59A-2DD0-4396-AB70-7CBAC20D6CC9}.Debug|x86.Build.0 = Debug|Any CPU
		{C971A59A-2DD0-4396-AB70-7CBAC20D6CC9}.Release|Any CPU.ActiveCfg = Release|Any CPU
		{C971A59A-2DD0-4396-AB70-7CBAC20D6CC9}.Release|Any CPU.Build.0 = Release|Any CPU
		{C971A59A-2DD0-4396-AB70-7CBAC20D6CC9}.Release|ARM.ActiveCfg = Release|Any CPU
		{C971A59A-2DD0-4396-AB70-7CBAC20D6CC9}.Release|ARM.Build.0 = Release|Any CPU
		{C971A59A-2DD0-4396-AB70-7CBAC20D6CC9}.Release|x64.ActiveCfg = Release|Any CPU
		{C971A59A-2DD0-4396-AB70-7CBAC20D6CC9}.Release|x64.Build.0 = Release|Any CPU
		{C971A59A-2DD0-4396-AB70-7CBAC20D6CC9}.Release|x86.ActiveCfg = Release|Any CPU
		{C971A59A-2DD0-4396-AB70-7CBAC20D6CC9}.Release|x86.Build.0 = Release|Any CPU
	EndGlobalSection
	GlobalSection(SolutionProperties) = preSolution
		HideSolutionNode = FALSE
	EndGlobalSection
	GlobalSection(NestedProjects) = preSolution
		{A632A90A-0EE6-430F-ACF2-25BB7CED21E7} = {6FDA1219-9D9E-489F-A258-B797FED50614}
		{0A2A1EE9-BD5D-44AA-A22D-291612488F06} = {C929932E-8ED8-4B6E-960E-4C4695E39CC1}
		{C1CC38C5-72F5-4545-B4F7-C65B2883909C} = {6FDA1219-9D9E-489F-A258-B797FED50614}
		{A1E56F5C-EAAC-43E5-A922-5B244168EA5C} = {C929932E-8ED8-4B6E-960E-4C4695E39CC1}
		{12674BD2-DAD3-4DB9-9C81-3FAE233C6838} = {9285D50F-C051-467D-AB2D-165963753EA5}
		{A892B002-2B5C-4029-B233-E35F3426D4B7} = {9285D50F-C051-467D-AB2D-165963753EA5}
		{986EA00A-7AA4-4D9E-B986-E6F290E7AA3F} = {C929932E-8ED8-4B6E-960E-4C4695E39CC1}
		{067456C0-086C-46A8-B37F-1405717B7BFC} = {9285D50F-C051-467D-AB2D-165963753EA5}
		{823E8A41-5231-4B06-BBAB-E62651E15BC7} = {C929932E-8ED8-4B6E-960E-4C4695E39CC1}
		{B0540CAE-4A84-495D-9207-A347FDC735E9} = {9285D50F-C051-467D-AB2D-165963753EA5}
		{F6AD95A5-889C-41A4-B613-B81F09A424EE} = {C929932E-8ED8-4B6E-960E-4C4695E39CC1}
		{E011D502-5C0F-4A3F-9F1A-337FF025EB48} = {6FDA1219-9D9E-489F-A258-B797FED50614}
		{9FECA6E5-C949-44F1-BE40-D3303AB2EF05} = {6FDA1219-9D9E-489F-A258-B797FED50614}
		{43E80CC4-1797-42B0-9A4C-E1D0AA297737} = {2C13F768-C122-4B7F-A08A-9E8AB520F6D2}
		{CC6CD5AD-EFC5-4CD6-BF6D-FB33D5F186AF} = {2C13F768-C122-4B7F-A08A-9E8AB520F6D2}
		{256F51DD-798C-49D4-A299-C71630787409} = {2C13F768-C122-4B7F-A08A-9E8AB520F6D2}
		{BC47528F-FBF6-465E-BB0E-F68F50F31C13} = {6FDA1219-9D9E-489F-A258-B797FED50614}
		{2BF80E43-6EB9-4DAF-A3B4-54838276C745} = {9285D50F-C051-467D-AB2D-165963753EA5}
		{3A2ACE1C-1399-4137-8DE8-B8A0E654101D} = {2C13F768-C122-4B7F-A08A-9E8AB520F6D2}
		{59041269-E52E-4CDD-84E0-92FDCFBF270D} = {6FDA1219-9D9E-489F-A258-B797FED50614}
		{19B1FA8E-D302-4AF8-A53D-2A9AA469BCC7} = {9285D50F-C051-467D-AB2D-165963753EA5}
		{22255EBF-8180-4801-877D-5A65AB0B993C} = {2C13F768-C122-4B7F-A08A-9E8AB520F6D2}
		{BA21951C-1799-4D0F-AA99-62DF857F3B71} = {C929932E-8ED8-4B6E-960E-4C4695E39CC1}
		{BB9973F4-6832-424C-A596-941AFCD7FC80} = {2C13F768-C122-4B7F-A08A-9E8AB520F6D2}
		{4207A3D8-E526-4E5F-8E1D-F748A01EF34D} = {2C13F768-C122-4B7F-A08A-9E8AB520F6D2}
		{3FF8BC01-314A-4450-BB84-DC12CE0C54EE} = {256F51DD-798C-49D4-A299-C71630787409}
		{0DDABD9E-CFC8-4B58-9870-BCBA9E6FCD4C} = {9285D50F-C051-467D-AB2D-165963753EA5}
		{8BD40EA0-D3F2-437A-BC2A-51DCC8CC8910} = {9285D50F-C051-467D-AB2D-165963753EA5}
		{4C7DA1E7-D853-482F-8E07-CD4562FE14B6} = {9285D50F-C051-467D-AB2D-165963753EA5}
		{F64E1547-1F52-4606-84DF-AC905FE91052} = {9285D50F-C051-467D-AB2D-165963753EA5}
		{ABF47A79-0E36-4417-B781-4BFCB2D9BF2D} = {9285D50F-C051-467D-AB2D-165963753EA5}
		{71C37EAC-993D-425F-BB0B-84459A091CE5} = {2C13F768-C122-4B7F-A08A-9E8AB520F6D2}
		{C751A38C-44D9-4918-B1F1-55A80147471D} = {C929932E-8ED8-4B6E-960E-4C4695E39CC1}
		{9E5F2F9F-1800-46F0-8AB8-D628955D03AD} = {47BA8952-DD65-4BC6-BC93-5C73A9C37F13}
		{8D2E220B-2764-4798-AC75-E75F4847CCC6} = {42EE9433-C7A4-4216-918E-3097DE8157A7}
		{64474679-ED12-4F6A-AEAB-53D7DEC319B4} = {7CFC42CF-F4A6-43E4-8BA0-AA10FF77C76B}
		{5668AA40-1C40-4888-B4AC-052E608383F4} = {7CFC42CF-F4A6-43E4-8BA0-AA10FF77C76B}
		{58C05E0C-707A-4D8C-B886-549581CB6EBC} = {9285D50F-C051-467D-AB2D-165963753EA5}
		{C971A59A-2DD0-4396-AB70-7CBAC20D6CC9} = {9285D50F-C051-467D-AB2D-165963753EA5}
	EndGlobalSection
	GlobalSection(ExtensibilityGlobals) = postSolution
		SolutionGuid = {1E271D37-CF67-4C38-A712-8F2304D4FE38}
	EndGlobalSection
EndGlobal
