
Microsoft Visual Studio Solution File, Format Version 12.00
# Visual Studio Version 16
VisualStudioVersion = 16.0.29324.140
MinimumVisualStudioVersion = 10.0.40219.1
Project("{FAE04EC0-301F-11D3-BF4B-00C04F79EFBC}") = "CommeillFautWF", "CommeillFautWF\CommeillFautWF.csproj", "{FD251A80-D5D3-4776-B323-37496FD9C550}"
EndProject
Project("{FAE04EC0-301F-11D3-BF4B-00C04F79EFBC}") = "EmotionalAppraisalWF", "EmotionalAppraisalWF\EmotionalAppraisalWF.csproj", "{36EF269C-7AB2-4029-BBF4-18F908AF46F6}"
EndProject
Project("{FAE04EC0-301F-11D3-BF4B-00C04F79EFBC}") = "EmotionalDecisionMakingWF", "EmotionalDecisionMakingWF\EmotionalDecisionMakingWF.csproj", "{A1727658-04B9-479A-98DB-F04C897488CC}"
EndProject
Project("{FAE04EC0-301F-11D3-BF4B-00C04F79EFBC}") = "GAIPS.AssetEditorTools", "GAIPS.AssetEditorTools\GAIPS.AssetEditorTools.csproj", "{C61FB19D-E715-4EB4-AFCA-27FF81A14777}"
EndProject
Project("{FAE04EC0-301F-11D3-BF4B-00C04F79EFBC}") = "IntegratedAuthoringToolWF", "IntegratedAuthoringToolWF\IntegratedAuthoringToolWF.csproj", "{5C4CD8BB-DE9C-45A0-ADB3-441D420A7200}"
EndProject
Project("{FAE04EC0-301F-11D3-BF4B-00C04F79EFBC}") = "RolePlayCharacterWF", "RolePlayCharacterWF\RolePlayCharacterWF.csproj", "{63EC96BC-D3E1-491B-8C55-61A0F5FBA210}"
EndProject
Project("{FAE04EC0-301F-11D3-BF4B-00C04F79EFBC}") = "SocialImportanceWF", "SocialImportanceWF\SocialImportanceWF.csproj", "{8C1BBEDB-3334-4877-84B2-99E4E7C5ABD8}"
EndProject
Project("{2150E333-8FDC-42A3-9474-1A3956D46DE8}") = "DomainModel", "DomainModel", "{0DAE6535-56B2-4249-87A5-D9EF70A41B62}"
EndProject
Project("{9A19103F-16F7-4668-BE54-9A1E7A4F7556}") = "EmotionalAppraisal", "..\Assets\EmotionalAppraisal\EmotionalAppraisal.csproj", "{0A2A1EE9-BD5D-44AA-A22D-291612488F06}"
EndProject
Project("{2150E333-8FDC-42A3-9474-1A3956D46DE8}") = "Assets", "Assets", "{BD644704-5C1E-4E94-9B4D-80F5A3555ED0}"
EndProject
Project("{2150E333-8FDC-42A3-9474-1A3956D46DE8}") = "Components", "Components", "{4A1D326C-3AC4-4BAB-A979-7DD46699BC1B}"
EndProject
Project("{9A19103F-16F7-4668-BE54-9A1E7A4F7556}") = "AutobiographicMemory", "..\Components\AutobiographicMemory\AutobiographicMemory.csproj", "{C1CC38C5-72F5-4545-B4F7-C65B2883909C}"
EndProject
Project("{9A19103F-16F7-4668-BE54-9A1E7A4F7556}") = "WellFormedNames", "..\Components\WellFormedNames\WellFormedNames.csproj", "{BC47528F-FBF6-465E-BB0E-F68F50F31C13}"
EndProject
Project("{9A19103F-16F7-4668-BE54-9A1E7A4F7556}") = "ActionLibrary", "..\Components\ActionLibrary\ActionLibrary.csproj", "{E011D502-5C0F-4A3F-9F1A-337FF025EB48}"
EndProject
Project("{9A19103F-16F7-4668-BE54-9A1E7A4F7556}") = "Conditions", "..\Components\Conditions\Conditions.csproj", "{59041269-E52E-4CDD-84E0-92FDCFBF270D}"
EndProject
Project("{9A19103F-16F7-4668-BE54-9A1E7A4F7556}") = "GAIPS.Rage", "..\Components\GAIPS.Rage\GAIPS.Rage.csproj", "{9FECA6E5-C949-44F1-BE40-D3303AB2EF05}"
EndProject
Project("{9A19103F-16F7-4668-BE54-9A1E7A4F7556}") = "KnowledgeBase", "..\Components\KnowledgeBase\KnowledgeBase.csproj", "{A632A90A-0EE6-430F-ACF2-25BB7CED21E7}"
EndProject
Project("{9A19103F-16F7-4668-BE54-9A1E7A4F7556}") = "CommeillFaut", "..\Assets\CommeillFaut\CommeillFaut.csproj", "{BA21951C-1799-4D0F-AA99-62DF857F3B71}"
EndProject
Project("{9A19103F-16F7-4668-BE54-9A1E7A4F7556}") = "EmotionalDecisionMaking", "..\Assets\EmotionalDecisionMaking\EmotionalDecisionMaking.csproj", "{A1E56F5C-EAAC-43E5-A922-5B244168EA5C}"
EndProject
Project("{9A19103F-16F7-4668-BE54-9A1E7A4F7556}") = "IntegratedAuthoringTool", "..\Assets\IntegratedAuthoringTool\IntegratedAuthoringTool.csproj", "{F6AD95A5-889C-41A4-B613-B81F09A424EE}"
EndProject
Project("{9A19103F-16F7-4668-BE54-9A1E7A4F7556}") = "RolePlayCharacter", "..\Assets\RolePlayCharacter\RolePlayCharacter.csproj", "{986EA00A-7AA4-4D9E-B986-E6F290E7AA3F}"
EndProject
Project("{9A19103F-16F7-4668-BE54-9A1E7A4F7556}") = "SocialImportance", "..\Assets\SocialImportance\SocialImportance.csproj", "{823E8A41-5231-4B06-BBAB-E62651E15BC7}"
EndProject
Project("{9A19103F-16F7-4668-BE54-9A1E7A4F7556}") = "WorldModel", "..\Assets\WorldModel\WorldModel.csproj", "{C751A38C-44D9-4918-B1F1-55A80147471D}"
EndProject
Project("{2150E333-8FDC-42A3-9474-1A3956D46DE8}") = "Wrappers", "Wrappers", "{4B80B9AA-C901-41FD-BDDD-814DEC7306BA}"
EndProject
Project("{9A19103F-16F7-4668-BE54-9A1E7A4F7556}") = "WebServer", "..\Wrappers\WebServer\WebServer.csproj", "{8D2E220B-2764-4798-AC75-E75F4847CCC6}"
EndProject
Project("{2150E333-8FDC-42A3-9474-1A3956D46DE8}") = "Utilities", "Utilities", "{7CE3B839-5C48-4DCD-9D26-DFD77C2DB4B7}"
EndProject
Project("{9A19103F-16F7-4668-BE54-9A1E7A4F7556}") = "Utilities", "..\Utilities\Utilities\Utilities.csproj", "{EB915898-6D95-4631-8364-F281AA9A24E4}"
EndProject
Global
	GlobalSection(SolutionConfigurationPlatforms) = preSolution
		Debug|Any CPU = Debug|Any CPU
		Release|Any CPU = Release|Any CPU
	EndGlobalSection
	GlobalSection(ProjectConfigurationPlatforms) = postSolution
		{FD251A80-D5D3-4776-B323-37496FD9C550}.Debug|Any CPU.ActiveCfg = Debug|Any CPU
		{FD251A80-D5D3-4776-B323-37496FD9C550}.Debug|Any CPU.Build.0 = Debug|Any CPU
		{FD251A80-D5D3-4776-B323-37496FD9C550}.Release|Any CPU.ActiveCfg = Release|Any CPU
		{FD251A80-D5D3-4776-B323-37496FD9C550}.Release|Any CPU.Build.0 = Release|Any CPU
		{36EF269C-7AB2-4029-BBF4-18F908AF46F6}.Debug|Any CPU.ActiveCfg = Debug|Any CPU
		{36EF269C-7AB2-4029-BBF4-18F908AF46F6}.Debug|Any CPU.Build.0 = Debug|Any CPU
		{36EF269C-7AB2-4029-BBF4-18F908AF46F6}.Release|Any CPU.ActiveCfg = Release|Any CPU
		{36EF269C-7AB2-4029-BBF4-18F908AF46F6}.Release|Any CPU.Build.0 = Release|Any CPU
		{A1727658-04B9-479A-98DB-F04C897488CC}.Debug|Any CPU.ActiveCfg = Debug|Any CPU
		{A1727658-04B9-479A-98DB-F04C897488CC}.Debug|Any CPU.Build.0 = Debug|Any CPU
		{A1727658-04B9-479A-98DB-F04C897488CC}.Release|Any CPU.ActiveCfg = Release|Any CPU
		{A1727658-04B9-479A-98DB-F04C897488CC}.Release|Any CPU.Build.0 = Release|Any CPU
		{C61FB19D-E715-4EB4-AFCA-27FF81A14777}.Debug|Any CPU.ActiveCfg = Debug|Any CPU
		{C61FB19D-E715-4EB4-AFCA-27FF81A14777}.Debug|Any CPU.Build.0 = Debug|Any CPU
		{C61FB19D-E715-4EB4-AFCA-27FF81A14777}.Release|Any CPU.ActiveCfg = Release|Any CPU
		{C61FB19D-E715-4EB4-AFCA-27FF81A14777}.Release|Any CPU.Build.0 = Release|Any CPU
		{5C4CD8BB-DE9C-45A0-ADB3-441D420A7200}.Debug|Any CPU.ActiveCfg = Debug|Any CPU
		{5C4CD8BB-DE9C-45A0-ADB3-441D420A7200}.Debug|Any CPU.Build.0 = Debug|Any CPU
		{5C4CD8BB-DE9C-45A0-ADB3-441D420A7200}.Release|Any CPU.ActiveCfg = Release|Any CPU
		{5C4CD8BB-DE9C-45A0-ADB3-441D420A7200}.Release|Any CPU.Build.0 = Release|Any CPU
		{63EC96BC-D3E1-491B-8C55-61A0F5FBA210}.Debug|Any CPU.ActiveCfg = Debug|Any CPU
		{63EC96BC-D3E1-491B-8C55-61A0F5FBA210}.Debug|Any CPU.Build.0 = Debug|Any CPU
		{63EC96BC-D3E1-491B-8C55-61A0F5FBA210}.Release|Any CPU.ActiveCfg = Release|Any CPU
		{63EC96BC-D3E1-491B-8C55-61A0F5FBA210}.Release|Any CPU.Build.0 = Release|Any CPU
		{8C1BBEDB-3334-4877-84B2-99E4E7C5ABD8}.Debug|Any CPU.ActiveCfg = Debug|Any CPU
		{8C1BBEDB-3334-4877-84B2-99E4E7C5ABD8}.Debug|Any CPU.Build.0 = Debug|Any CPU
		{8C1BBEDB-3334-4877-84B2-99E4E7C5ABD8}.Release|Any CPU.ActiveCfg = Release|Any CPU
		{8C1BBEDB-3334-4877-84B2-99E4E7C5ABD8}.Release|Any CPU.Build.0 = Release|Any CPU
		{0A2A1EE9-BD5D-44AA-A22D-291612488F06}.Debug|Any CPU.ActiveCfg = Debug|Any CPU
		{0A2A1EE9-BD5D-44AA-A22D-291612488F06}.Debug|Any CPU.Build.0 = Debug|Any CPU
		{0A2A1EE9-BD5D-44AA-A22D-291612488F06}.Release|Any CPU.ActiveCfg = Release|Any CPU
		{0A2A1EE9-BD5D-44AA-A22D-291612488F06}.Release|Any CPU.Build.0 = Release|Any CPU
		{C1CC38C5-72F5-4545-B4F7-C65B2883909C}.Debug|Any CPU.ActiveCfg = Debug|Any CPU
		{C1CC38C5-72F5-4545-B4F7-C65B2883909C}.Debug|Any CPU.Build.0 = Debug|Any CPU
		{C1CC38C5-72F5-4545-B4F7-C65B2883909C}.Release|Any CPU.ActiveCfg = Release|Any CPU
		{C1CC38C5-72F5-4545-B4F7-C65B2883909C}.Release|Any CPU.Build.0 = Release|Any CPU
		{BC47528F-FBF6-465E-BB0E-F68F50F31C13}.Debug|Any CPU.ActiveCfg = Debug|Any CPU
		{BC47528F-FBF6-465E-BB0E-F68F50F31C13}.Debug|Any CPU.Build.0 = Debug|Any CPU
		{BC47528F-FBF6-465E-BB0E-F68F50F31C13}.Release|Any CPU.ActiveCfg = Release|Any CPU
		{BC47528F-FBF6-465E-BB0E-F68F50F31C13}.Release|Any CPU.Build.0 = Release|Any CPU
		{E011D502-5C0F-4A3F-9F1A-337FF025EB48}.Debug|Any CPU.ActiveCfg = Debug|Any CPU
		{E011D502-5C0F-4A3F-9F1A-337FF025EB48}.Debug|Any CPU.Build.0 = Debug|Any CPU
		{E011D502-5C0F-4A3F-9F1A-337FF025EB48}.Release|Any CPU.ActiveCfg = Release|Any CPU
		{E011D502-5C0F-4A3F-9F1A-337FF025EB48}.Release|Any CPU.Build.0 = Release|Any CPU
		{59041269-E52E-4CDD-84E0-92FDCFBF270D}.Debug|Any CPU.ActiveCfg = Debug|Any CPU
		{59041269-E52E-4CDD-84E0-92FDCFBF270D}.Debug|Any CPU.Build.0 = Debug|Any CPU
		{59041269-E52E-4CDD-84E0-92FDCFBF270D}.Release|Any CPU.ActiveCfg = Release|Any CPU
		{59041269-E52E-4CDD-84E0-92FDCFBF270D}.Release|Any CPU.Build.0 = Release|Any CPU
		{9FECA6E5-C949-44F1-BE40-D3303AB2EF05}.Debug|Any CPU.ActiveCfg = Debug|Any CPU
		{9FECA6E5-C949-44F1-BE40-D3303AB2EF05}.Debug|Any CPU.Build.0 = Debug|Any CPU
		{9FECA6E5-C949-44F1-BE40-D3303AB2EF05}.Release|Any CPU.ActiveCfg = Release|Any CPU
		{9FECA6E5-C949-44F1-BE40-D3303AB2EF05}.Release|Any CPU.Build.0 = Release|Any CPU
		{A632A90A-0EE6-430F-ACF2-25BB7CED21E7}.Debug|Any CPU.ActiveCfg = Debug|Any CPU
		{A632A90A-0EE6-430F-ACF2-25BB7CED21E7}.Debug|Any CPU.Build.0 = Debug|Any CPU
		{A632A90A-0EE6-430F-ACF2-25BB7CED21E7}.Release|Any CPU.ActiveCfg = Release|Any CPU
		{A632A90A-0EE6-430F-ACF2-25BB7CED21E7}.Release|Any CPU.Build.0 = Release|Any CPU
		{BA21951C-1799-4D0F-AA99-62DF857F3B71}.Debug|Any CPU.ActiveCfg = Debug|Any CPU
		{BA21951C-1799-4D0F-AA99-62DF857F3B71}.Debug|Any CPU.Build.0 = Debug|Any CPU
		{BA21951C-1799-4D0F-AA99-62DF857F3B71}.Release|Any CPU.ActiveCfg = Release|Any CPU
		{BA21951C-1799-4D0F-AA99-62DF857F3B71}.Release|Any CPU.Build.0 = Release|Any CPU
		{A1E56F5C-EAAC-43E5-A922-5B244168EA5C}.Debug|Any CPU.ActiveCfg = Debug|Any CPU
		{A1E56F5C-EAAC-43E5-A922-5B244168EA5C}.Debug|Any CPU.Build.0 = Debug|Any CPU
		{A1E56F5C-EAAC-43E5-A922-5B244168EA5C}.Release|Any CPU.ActiveCfg = Release|Any CPU
		{A1E56F5C-EAAC-43E5-A922-5B244168EA5C}.Release|Any CPU.Build.0 = Release|Any CPU
		{F6AD95A5-889C-41A4-B613-B81F09A424EE}.Debug|Any CPU.ActiveCfg = Debug|Any CPU
		{F6AD95A5-889C-41A4-B613-B81F09A424EE}.Debug|Any CPU.Build.0 = Debug|Any CPU
		{F6AD95A5-889C-41A4-B613-B81F09A424EE}.Release|Any CPU.ActiveCfg = Release|Any CPU
		{F6AD95A5-889C-41A4-B613-B81F09A424EE}.Release|Any CPU.Build.0 = Release|Any CPU
		{986EA00A-7AA4-4D9E-B986-E6F290E7AA3F}.Debug|Any CPU.ActiveCfg = Debug|Any CPU
		{986EA00A-7AA4-4D9E-B986-E6F290E7AA3F}.Debug|Any CPU.Build.0 = Debug|Any CPU
		{986EA00A-7AA4-4D9E-B986-E6F290E7AA3F}.Release|Any CPU.ActiveCfg = Release|Any CPU
		{986EA00A-7AA4-4D9E-B986-E6F290E7AA3F}.Release|Any CPU.Build.0 = Release|Any CPU
		{823E8A41-5231-4B06-BBAB-E62651E15BC7}.Debug|Any CPU.ActiveCfg = Debug|Any CPU
		{823E8A41-5231-4B06-BBAB-E62651E15BC7}.Debug|Any CPU.Build.0 = Debug|Any CPU
		{823E8A41-5231-4B06-BBAB-E62651E15BC7}.Release|Any CPU.ActiveCfg = Release|Any CPU
		{823E8A41-5231-4B06-BBAB-E62651E15BC7}.Release|Any CPU.Build.0 = Release|Any CPU
		{C751A38C-44D9-4918-B1F1-55A80147471D}.Debug|Any CPU.ActiveCfg = Debug|Any CPU
		{C751A38C-44D9-4918-B1F1-55A80147471D}.Debug|Any CPU.Build.0 = Debug|Any CPU
		{C751A38C-44D9-4918-B1F1-55A80147471D}.Release|Any CPU.ActiveCfg = Release|Any CPU
		{C751A38C-44D9-4918-B1F1-55A80147471D}.Release|Any CPU.Build.0 = Release|Any CPU
		{8D2E220B-2764-4798-AC75-E75F4847CCC6}.Debug|Any CPU.ActiveCfg = Debug|Any CPU
		{8D2E220B-2764-4798-AC75-E75F4847CCC6}.Debug|Any CPU.Build.0 = Debug|Any CPU
		{8D2E220B-2764-4798-AC75-E75F4847CCC6}.Release|Any CPU.ActiveCfg = Release|Any CPU
		{8D2E220B-2764-4798-AC75-E75F4847CCC6}.Release|Any CPU.Build.0 = Release|Any CPU
		{EB915898-6D95-4631-8364-F281AA9A24E4}.Debug|Any CPU.ActiveCfg = Debug|Any CPU
		{EB915898-6D95-4631-8364-F281AA9A24E4}.Debug|Any CPU.Build.0 = Debug|Any CPU
		{EB915898-6D95-4631-8364-F281AA9A24E4}.Release|Any CPU.ActiveCfg = Release|Any CPU
		{EB915898-6D95-4631-8364-F281AA9A24E4}.Release|Any CPU.Build.0 = Release|Any CPU
	EndGlobalSection
	GlobalSection(SolutionProperties) = preSolution
		HideSolutionNode = FALSE
	EndGlobalSection
	GlobalSection(NestedProjects) = preSolution
		{0A2A1EE9-BD5D-44AA-A22D-291612488F06} = {BD644704-5C1E-4E94-9B4D-80F5A3555ED0}
		{BD644704-5C1E-4E94-9B4D-80F5A3555ED0} = {0DAE6535-56B2-4249-87A5-D9EF70A41B62}
		{4A1D326C-3AC4-4BAB-A979-7DD46699BC1B} = {0DAE6535-56B2-4249-87A5-D9EF70A41B62}
		{C1CC38C5-72F5-4545-B4F7-C65B2883909C} = {4A1D326C-3AC4-4BAB-A979-7DD46699BC1B}
		{BC47528F-FBF6-465E-BB0E-F68F50F31C13} = {4A1D326C-3AC4-4BAB-A979-7DD46699BC1B}
		{E011D502-5C0F-4A3F-9F1A-337FF025EB48} = {4A1D326C-3AC4-4BAB-A979-7DD46699BC1B}
		{59041269-E52E-4CDD-84E0-92FDCFBF270D} = {4A1D326C-3AC4-4BAB-A979-7DD46699BC1B}
		{9FECA6E5-C949-44F1-BE40-D3303AB2EF05} = {4A1D326C-3AC4-4BAB-A979-7DD46699BC1B}
		{A632A90A-0EE6-430F-ACF2-25BB7CED21E7} = {4A1D326C-3AC4-4BAB-A979-7DD46699BC1B}
		{BA21951C-1799-4D0F-AA99-62DF857F3B71} = {BD644704-5C1E-4E94-9B4D-80F5A3555ED0}
		{A1E56F5C-EAAC-43E5-A922-5B244168EA5C} = {BD644704-5C1E-4E94-9B4D-80F5A3555ED0}
		{F6AD95A5-889C-41A4-B613-B81F09A424EE} = {BD644704-5C1E-4E94-9B4D-80F5A3555ED0}
		{986EA00A-7AA4-4D9E-B986-E6F290E7AA3F} = {BD644704-5C1E-4E94-9B4D-80F5A3555ED0}
		{823E8A41-5231-4B06-BBAB-E62651E15BC7} = {BD644704-5C1E-4E94-9B4D-80F5A3555ED0}
		{C751A38C-44D9-4918-B1F1-55A80147471D} = {BD644704-5C1E-4E94-9B4D-80F5A3555ED0}
		{8D2E220B-2764-4798-AC75-E75F4847CCC6} = {4B80B9AA-C901-41FD-BDDD-814DEC7306BA}
		{7CE3B839-5C48-4DCD-9D26-DFD77C2DB4B7} = {0DAE6535-56B2-4249-87A5-D9EF70A41B62}
		{EB915898-6D95-4631-8364-F281AA9A24E4} = {7CE3B839-5C48-4DCD-9D26-DFD77C2DB4B7}
	EndGlobalSection
	GlobalSection(ExtensibilityGlobals) = postSolution
		SolutionGuid = {0418F733-4812-4D38-8F17-F9BAEC830277}
	EndGlobalSection
EndGlobal
